// !$*UTF8*$!
{
	archiveVersion = 1;
	classes = {
	};
	objectVersion = 50;
	objects = {

/* Begin PBXBuildFile section */
		E93B737D21822C1F005D3930 /* Podfile in Resources */ = {isa = PBXBuildFile; fileRef = E93B737C21822C1F005D3930 /* Podfile */; };
		E9C3E39B21822B2A00EF0EE8 /* AppDelegate.mm in Sources */ = {isa = PBXBuildFile; fileRef = E9C3E39A21822B2A00EF0EE8 /* AppDelegate.mm */; };
		E9C3E3A121822B2A00EF0EE8 /* Main.storyboard in Resources */ = {isa = PBXBuildFile; fileRef = E9C3E39F21822B2A00EF0EE8 /* Main.storyboard */; };
		E9C3E3A321822B2D00EF0EE8 /* Assets.xcassets in Resources */ = {isa = PBXBuildFile; fileRef = E9C3E3A221822B2D00EF0EE8 /* Assets.xcassets */; };
		E9C3E3A621822B2D00EF0EE8 /* LaunchScreen.storyboard in Resources */ = {isa = PBXBuildFile; fileRef = E9C3E3A421822B2D00EF0EE8 /* LaunchScreen.storyboard */; };
		E9C3E3A921822B2D00EF0EE8 /* main.m in Sources */ = {isa = PBXBuildFile; fileRef = E9C3E3A821822B2D00EF0EE8 /* main.m */; };
		F1C4931A26AC832200211516 /* EzyNativeDataSerializer.mm in Sources */ = {isa = PBXBuildFile; fileRef = F1C4926126AC832200211516 /* EzyNativeDataSerializer.mm */; };
		F1C4931B26AC832200211516 /* EzyClientConfigSerializer.mm in Sources */ = {isa = PBXBuildFile; fileRef = F1C4926226AC832200211516 /* EzyClientConfigSerializer.mm */; };
		F1C4931C26AC832200211516 /* EzyNativeDataDeserializer.mm in Sources */ = {isa = PBXBuildFile; fileRef = F1C4926526AC832200211516 /* EzyNativeDataDeserializer.mm */; };
		F1C4931D26AC832200211516 /* EzyEventSerializer.mm in Sources */ = {isa = PBXBuildFile; fileRef = F1C4926926AC832200211516 /* EzyEventSerializer.mm */; };
		F1C4931E26AC832200211516 /* EzyNativeSerializers.mm in Sources */ = {isa = PBXBuildFile; fileRef = F1C4926A26AC832200211516 /* EzyNativeSerializers.mm */; };
		F1C4931F26AC832200211516 /* EzyMethodProxy.mm in Sources */ = {isa = PBXBuildFile; fileRef = F1C4926C26AC832200211516 /* EzyMethodProxy.mm */; };
		F1C4932026AC832200211516 /* EzyNativeStrings.mm in Sources */ = {isa = PBXBuildFile; fileRef = F1C4926F26AC832200211516 /* EzyNativeStrings.mm */; };
		F1C4932126AC832200211516 /* EzyClientProxy.mm in Sources */ = {isa = PBXBuildFile; fileRef = F1C4927226AC832200211516 /* EzyClientProxy.mm */; };
		F1C4932226AC832200211516 /* EzyMethodNames.mm in Sources */ = {isa = PBXBuildFile; fileRef = F1C4927326AC832200211516 /* EzyMethodNames.mm */; };
		F1C4932326AC832200211516 /* EzyMethodCallException.mm in Sources */ = {isa = PBXBuildFile; fileRef = F1C4927526AC832200211516 /* EzyMethodCallException.mm */; };
		F1C4932A26AC832200211516 /* Application.mk in Resources */ = {isa = PBXBuildFile; fileRef = F1C4928626AC832200211516 /* Application.mk */; };
		F1C4932E26AC832200211516 /* EzyEventHandlers.cpp in Sources */ = {isa = PBXBuildFile; fileRef = F1C4929026AC832200211516 /* EzyEventHandlers.cpp */; };
		F1C4932F26AC832200211516 /* EzyDataHandlers.cpp in Sources */ = {isa = PBXBuildFile; fileRef = F1C4929126AC832200211516 /* EzyDataHandlers.cpp */; };
		F1C4933026AC832200211516 /* EzyEventHandler.cpp in Sources */ = {isa = PBXBuildFile; fileRef = F1C4929626AC832200211516 /* EzyEventHandler.cpp */; };
		F1C4933126AC832200211516 /* EzyAppDataHandlers.cpp in Sources */ = {isa = PBXBuildFile; fileRef = F1C4929826AC832200211516 /* EzyAppDataHandlers.cpp */; };
		F1C4933226AC832200211516 /* EzyPluginDataHandlers.cpp in Sources */ = {isa = PBXBuildFile; fileRef = F1C4929A26AC832200211516 /* EzyPluginDataHandlers.cpp */; };
		F1C4933326AC832200211516 /* EzyPluginDataHandler.cpp in Sources */ = {isa = PBXBuildFile; fileRef = F1C4929B26AC832200211516 /* EzyPluginDataHandler.cpp */; };
		F1C4933426AC832200211516 /* EzyAppDataHandler.cpp in Sources */ = {isa = PBXBuildFile; fileRef = F1C4929C26AC832200211516 /* EzyAppDataHandler.cpp */; };
		F1C4933526AC832200211516 /* EzyDataHandler.cpp in Sources */ = {isa = PBXBuildFile; fileRef = F1C4929D26AC832200211516 /* EzyDataHandler.cpp */; };
		F1C4933626AC832200211516 /* EzyUTClient.cpp in Sources */ = {isa = PBXBuildFile; fileRef = F1C492A126AC832200211516 /* EzyUTClient.cpp */; };
		F1C4933726AC832200211516 /* EzyLogger.cpp in Sources */ = {isa = PBXBuildFile; fileRef = F1C492A326AC832200211516 /* EzyLogger.cpp */; };
		F1C4933826AC832200211516 /* EzyClientConfig.cpp in Sources */ = {isa = PBXBuildFile; fileRef = F1C492AA26AC832200211516 /* EzyClientConfig.cpp */; };
		F1C4933926AC832200211516 /* EzyApp.cpp in Sources */ = {isa = PBXBuildFile; fileRef = F1C492AC26AC832200211516 /* EzyApp.cpp */; };
		F1C4933A26AC832200211516 /* EzyString.cpp in Sources */ = {isa = PBXBuildFile; fileRef = F1C492AD26AC832200211516 /* EzyString.cpp */; };
		F1C4933B26AC832200211516 /* EzyZone.cpp in Sources */ = {isa = PBXBuildFile; fileRef = F1C492AF26AC832200211516 /* EzyZone.cpp */; };
		F1C4933C26AC832200211516 /* EzyPrimitive.cpp in Sources */ = {isa = PBXBuildFile; fileRef = F1C492B026AC832200211516 /* EzyPrimitive.cpp */; };
		F1C4933D26AC832200211516 /* EzyObject.cpp in Sources */ = {isa = PBXBuildFile; fileRef = F1C492B226AC832200211516 /* EzyObject.cpp */; };
		F1C4933E26AC832200211516 /* EzyNull.cpp in Sources */ = {isa = PBXBuildFile; fileRef = F1C492B526AC832200211516 /* EzyNull.cpp */; };
		F1C4933F26AC832200211516 /* EzyByteArray.cpp in Sources */ = {isa = PBXBuildFile; fileRef = F1C492B726AC832200211516 /* EzyByteArray.cpp */; };
		F1C4934026AC832200211516 /* EzyArray.cpp in Sources */ = {isa = PBXBuildFile; fileRef = F1C492B926AC832200211516 /* EzyArray.cpp */; };
		F1C4934126AC832200211516 /* EzyValue.cpp in Sources */ = {isa = PBXBuildFile; fileRef = F1C492BA26AC832200211516 /* EzyValue.cpp */; };
		F1C4934226AC832200211516 /* EzyUser.cpp in Sources */ = {isa = PBXBuildFile; fileRef = F1C492BE26AC832200211516 /* EzyUser.cpp */; };
		F1C4934326AC832200211516 /* EzyPlugin.cpp in Sources */ = {isa = PBXBuildFile; fileRef = F1C492BF26AC832200211516 /* EzyPlugin.cpp */; };
		F1C4934426AC832200211516 /* EzyMessage.cpp in Sources */ = {isa = PBXBuildFile; fileRef = F1C492C526AC832200211516 /* EzyMessage.cpp */; };
		F1C4934526AC832200211516 /* EzyDataDecoder.cpp in Sources */ = {isa = PBXBuildFile; fileRef = F1C492C626AC832200211516 /* EzyDataDecoder.cpp */; };
		F1C4934626AC832200211516 /* EzyEncryption.cpp in Sources */ = {isa = PBXBuildFile; fileRef = F1C492C826AC832200211516 /* EzyEncryption.cpp */; };
		F1C4934726AC832200211516 /* EzyDataEncoder.cpp in Sources */ = {isa = PBXBuildFile; fileRef = F1C492CA26AC832200211516 /* EzyDataEncoder.cpp */; };
		F1C4934826AC832200211516 /* EzyClient.cpp in Sources */ = {isa = PBXBuildFile; fileRef = F1C492CB26AC832200211516 /* EzyClient.cpp */; };
		F1C4934926AC832200211516 /* EzySetup.cpp in Sources */ = {isa = PBXBuildFile; fileRef = F1C492CD26AC832200211516 /* EzySetup.cpp */; };
		F1C4934A26AC832200211516 /* EzyClients.cpp in Sources */ = {isa = PBXBuildFile; fileRef = F1C492CF26AC832200211516 /* EzyClients.cpp */; };
		F1C4934B26AC832200211516 /* EzyPluginManager.cpp in Sources */ = {isa = PBXBuildFile; fileRef = F1C492D326AC832200211516 /* EzyPluginManager.cpp */; };
		F1C4934C26AC832200211516 /* EzyAppManager.cpp in Sources */ = {isa = PBXBuildFile; fileRef = F1C492D426AC832200211516 /* EzyAppManager.cpp */; };
		F1C4934D26AC832200211516 /* EzyHandlerManager.cpp in Sources */ = {isa = PBXBuildFile; fileRef = F1C492D526AC832200211516 /* EzyHandlerManager.cpp */; };
		F1C4934E26AC832200211516 /* EzyPingManager.cpp in Sources */ = {isa = PBXBuildFile; fileRef = F1C492D626AC832200211516 /* EzyPingManager.cpp */; };
		F1C4934F26AC832200211516 /* EzyConnectionStatus.cpp in Sources */ = {isa = PBXBuildFile; fileRef = F1C492DD26AC832200211516 /* EzyConnectionStatus.cpp */; };
		F1C4935026AC832200211516 /* EzyCommand.cpp in Sources */ = {isa = PBXBuildFile; fileRef = F1C492DF26AC832200211516 /* EzyCommand.cpp */; };
		F1C4935126AC832200211516 /* EzyDisconnectReason.cpp in Sources */ = {isa = PBXBuildFile; fileRef = F1C492E426AC832200211516 /* EzyDisconnectReason.cpp */; };
		F1C4935226AC832200211516 /* EzyConnectionFailedReason.cpp in Sources */ = {isa = PBXBuildFile; fileRef = F1C492E526AC832200211516 /* EzyConnectionFailedReason.cpp */; };
		F1C4935326AC832200211516 /* EzyThread.cpp in Sources */ = {isa = PBXBuildFile; fileRef = F1C492E726AC832200211516 /* EzyThread.cpp */; };
		F1C4935426AC832200211516 /* EzyScheduleAtFixedRate.cpp in Sources */ = {isa = PBXBuildFile; fileRef = F1C492EA26AC832200211516 /* EzyScheduleAtFixedRate.cpp */; };
		F1C4935526AC832200211516 /* EzyReleasePool.cpp in Sources */ = {isa = PBXBuildFile; fileRef = F1C492EE26AC832200211516 /* EzyReleasePool.cpp */; };
		F1C4935626AC832200211516 /* EzyAutoReleasePool.cpp in Sources */ = {isa = PBXBuildFile; fileRef = F1C492EF26AC832200211516 /* EzyAutoReleasePool.cpp */; };
		F1C4935726AC832200211516 /* EzyRequest.cpp in Sources */ = {isa = PBXBuildFile; fileRef = F1C492F126AC832200211516 /* EzyRequest.cpp */; };
		F1C4935826AC832200211516 /* EzyRequestSerializer.cpp in Sources */ = {isa = PBXBuildFile; fileRef = F1C492F226AC832200211516 /* EzyRequestSerializer.cpp */; };
		F1C4935926AC832200211516 /* EzyEvent.cpp in Sources */ = {isa = PBXBuildFile; fileRef = F1C492F826AC832200211516 /* EzyEvent.cpp */; };
		F1C4935A26AC832200211516 /* EzyEventType.cpp in Sources */ = {isa = PBXBuildFile; fileRef = F1C492F926AC832200211516 /* EzyEventType.cpp */; };
		F1C4935B26AC832200211516 /* EzyRef.cpp in Sources */ = {isa = PBXBuildFile; fileRef = F1C492FC26AC832200211516 /* EzyRef.cpp */; };
		F1C4935C26AC832200211516 /* EzyTcpSocketClient.cpp in Sources */ = {isa = PBXBuildFile; fileRef = F1C4930226AC832200211516 /* EzyTcpSocketClient.cpp */; };
		F1C4935D26AC832200211516 /* EzySocketClient.cpp in Sources */ = {isa = PBXBuildFile; fileRef = F1C4930326AC832200211516 /* EzySocketClient.cpp */; };
		F1C4935E26AC832200211516 /* EzySocketAdapter.cpp in Sources */ = {isa = PBXBuildFile; fileRef = F1C4930426AC832200211516 /* EzySocketAdapter.cpp */; };
		F1C4935F26AC832200211516 /* EzySocketCore.cpp in Sources */ = {isa = PBXBuildFile; fileRef = F1C4930726AC832200211516 /* EzySocketCore.cpp */; };
		F1C4936026AC832200211516 /* EzyMainEventsLoop.cpp in Sources */ = {isa = PBXBuildFile; fileRef = F1C4930D26AC832200211516 /* EzyMainEventsLoop.cpp */; };
		F1C4936126AC832200211516 /* EzyPingSchedule.cpp in Sources */ = {isa = PBXBuildFile; fileRef = F1C4930E26AC832200211516 /* EzyPingSchedule.cpp */; };
		F1C4936226AC832200211516 /* EzySocketPool.cpp in Sources */ = {isa = PBXBuildFile; fileRef = F1C4931026AC832200211516 /* EzySocketPool.cpp */; };
		F1C4936326AC832200211516 /* EzySocketReader.cpp in Sources */ = {isa = PBXBuildFile; fileRef = F1C4931126AC832200211516 /* EzySocketReader.cpp */; };
		F1C4936426AC832200211516 /* EzyUTSocketClient.cpp in Sources */ = {isa = PBXBuildFile; fileRef = F1C4931326AC832200211516 /* EzyUTSocketClient.cpp */; };
		F1C4936526AC832200211516 /* EzyUdpSocketClient.cpp in Sources */ = {isa = PBXBuildFile; fileRef = F1C4931426AC832200211516 /* EzyUdpSocketClient.cpp */; };
		F1C4936626AC832200211516 /* EzySocketWriter.cpp in Sources */ = {isa = PBXBuildFile; fileRef = F1C4931526AC832200211516 /* EzySocketWriter.cpp */; };
		F1C4936C26AD63D900211516 /* EzyNSNumber.m in Sources */ = {isa = PBXBuildFile; fileRef = F1C4936926AD63D900211516 /* EzyNSNumber.m */; };
		F1C4936F26AD63E900211516 /* NSByArray.m in Sources */ = {isa = PBXBuildFile; fileRef = F1C4936D26AD63E900211516 /* NSByArray.m */; };
		F1C4937326AD6F3600211516 /* EzyEncryptionProxy.mm in Sources */ = {isa = PBXBuildFile; fileRef = F1C4937226AD6F3600211516 /* EzyEncryptionProxy.mm */; };
		FF56CE99BE656270A5E0E60C /* libPods-ezyfox-server-react-native-client.a in Frameworks */ = {isa = PBXBuildFile; fileRef = 4D7A0EEDB740E514B9E6979E /* libPods-ezyfox-server-react-native-client.a */; };
/* End PBXBuildFile section */

/* Begin PBXContainerItemProxy section */
		F1C4931826AC832200211516 /* PBXContainerItemProxy */ = {
			isa = PBXContainerItemProxy;
			containerPortal = F1C4927D26AC832200211516 /* ezyfox-client.xcodeproj */;
			proxyType = 2;
			remoteGlobalIDString = F1955055260608FD00402511;
			remoteInfo = "ezyfox-client";
		};
/* End PBXContainerItemProxy section */

/* Begin PBXCopyFilesBuildPhase section */
		E93D3223218333520001E1B0 /* Embed Frameworks */ = {
			isa = PBXCopyFilesBuildPhase;
			buildActionMask = 2147483647;
			dstPath = "";
			dstSubfolderSpec = 10;
			files = (
			);
			name = "Embed Frameworks";
			runOnlyForDeploymentPostprocessing = 0;
		};
/* End PBXCopyFilesBuildPhase section */

/* Begin PBXFileReference section */
		4D7A0EEDB740E514B9E6979E /* libPods-ezyfox-server-react-native-client.a */ = {isa = PBXFileReference; explicitFileType = archive.ar; includeInIndex = 0; path = "libPods-ezyfox-server-react-native-client.a"; sourceTree = BUILT_PRODUCTS_DIR; };
		98907C94386AF7E1C2D8370A /* Pods-ezyfox-server-react-native-client.release.xcconfig */ = {isa = PBXFileReference; includeInIndex = 1; lastKnownFileType = text.xcconfig; name = "Pods-ezyfox-server-react-native-client.release.xcconfig"; path = "Pods/Target Support Files/Pods-ezyfox-server-react-native-client/Pods-ezyfox-server-react-native-client.release.xcconfig"; sourceTree = "<group>"; };
		BB4B42E4A06CD1C5F5024E8F /* Pods-ezyfox-server-react-native-client.debug.xcconfig */ = {isa = PBXFileReference; includeInIndex = 1; lastKnownFileType = text.xcconfig; name = "Pods-ezyfox-server-react-native-client.debug.xcconfig"; path = "Pods/Target Support Files/Pods-ezyfox-server-react-native-client/Pods-ezyfox-server-react-native-client.debug.xcconfig"; sourceTree = "<group>"; };
		E91196BD21860F2D00EEA0CE /* AppConfigDefine.h */ = {isa = PBXFileReference; lastKnownFileType = sourcecode.c.h; path = AppConfigDefine.h; sourceTree = "<group>"; };
		E93B737C21822C1F005D3930 /* Podfile */ = {isa = PBXFileReference; fileEncoding = 4; lastKnownFileType = text; path = Podfile; sourceTree = "<group>"; xcLanguageSpecificationIdentifier = xcode.lang.ruby; };
		E97EDB2322F741EC00202705 /* libReact.a */ = {isa = PBXFileReference; explicitFileType = archive.ar; path = libReact.a; sourceTree = BUILT_PRODUCTS_DIR; };
		E97EDB2522F7421100202705 /* libDoubleConversion.a */ = {isa = PBXFileReference; explicitFileType = archive.ar; path = libDoubleConversion.a; sourceTree = BUILT_PRODUCTS_DIR; };
		E97EDB2722F7421100202705 /* libFolly.a */ = {isa = PBXFileReference; explicitFileType = archive.ar; path = libFolly.a; sourceTree = BUILT_PRODUCTS_DIR; };
		E97EDB2922F7421100202705 /* libglog.a */ = {isa = PBXFileReference; explicitFileType = archive.ar; path = libglog.a; sourceTree = BUILT_PRODUCTS_DIR; };
		E97EDB2B22F7421100202705 /* libyoga.a */ = {isa = PBXFileReference; explicitFileType = archive.ar; path = libyoga.a; sourceTree = BUILT_PRODUCTS_DIR; };
		E9A458E921835E7F00FDFDE8 /* Prefix.pch */ = {isa = PBXFileReference; lastKnownFileType = sourcecode.c.h; path = Prefix.pch; sourceTree = "<group>"; };
		E9C3E39621822B2A00EF0EE8 /* ezyfox-server-react-native-client.app */ = {isa = PBXFileReference; explicitFileType = wrapper.application; includeInIndex = 0; path = "ezyfox-server-react-native-client.app"; sourceTree = BUILT_PRODUCTS_DIR; };
		E9C3E39921822B2A00EF0EE8 /* AppDelegate.h */ = {isa = PBXFileReference; lastKnownFileType = sourcecode.c.h; path = AppDelegate.h; sourceTree = "<group>"; };
		E9C3E39A21822B2A00EF0EE8 /* AppDelegate.mm */ = {isa = PBXFileReference; lastKnownFileType = sourcecode.cpp.objcpp; path = AppDelegate.mm; sourceTree = "<group>"; };
		E9C3E3A021822B2A00EF0EE8 /* Base */ = {isa = PBXFileReference; lastKnownFileType = file.storyboard; name = Base; path = Base.lproj/Main.storyboard; sourceTree = "<group>"; };
		E9C3E3A221822B2D00EF0EE8 /* Assets.xcassets */ = {isa = PBXFileReference; lastKnownFileType = folder.assetcatalog; path = Assets.xcassets; sourceTree = "<group>"; };
		E9C3E3A521822B2D00EF0EE8 /* Base */ = {isa = PBXFileReference; lastKnownFileType = file.storyboard; name = Base; path = Base.lproj/LaunchScreen.storyboard; sourceTree = "<group>"; };
		E9C3E3A721822B2D00EF0EE8 /* Info.plist */ = {isa = PBXFileReference; lastKnownFileType = text.plist.xml; path = Info.plist; sourceTree = "<group>"; };
		E9C3E3A821822B2D00EF0EE8 /* main.m */ = {isa = PBXFileReference; lastKnownFileType = sourcecode.c.objc; path = main.m; sourceTree = "<group>"; };
		F1C4926126AC832200211516 /* EzyNativeDataSerializer.mm */ = {isa = PBXFileReference; fileEncoding = 4; lastKnownFileType = sourcecode.cpp.objcpp; path = EzyNativeDataSerializer.mm; sourceTree = "<group>"; };
		F1C4926226AC832200211516 /* EzyClientConfigSerializer.mm */ = {isa = PBXFileReference; fileEncoding = 4; lastKnownFileType = sourcecode.cpp.objcpp; path = EzyClientConfigSerializer.mm; sourceTree = "<group>"; };
		F1C4926326AC832200211516 /* EzyNativeDataDeserializer.h */ = {isa = PBXFileReference; fileEncoding = 4; lastKnownFileType = sourcecode.c.h; path = EzyNativeDataDeserializer.h; sourceTree = "<group>"; };
		F1C4926426AC832200211516 /* EzyNativeDataSerializer.h */ = {isa = PBXFileReference; fileEncoding = 4; lastKnownFileType = sourcecode.c.h; path = EzyNativeDataSerializer.h; sourceTree = "<group>"; };
		F1C4926526AC832200211516 /* EzyNativeDataDeserializer.mm */ = {isa = PBXFileReference; fileEncoding = 4; lastKnownFileType = sourcecode.cpp.objcpp; path = EzyNativeDataDeserializer.mm; sourceTree = "<group>"; };
		F1C4926626AC832200211516 /* EzyEventSerializer.h */ = {isa = PBXFileReference; fileEncoding = 4; lastKnownFileType = sourcecode.c.h; path = EzyEventSerializer.h; sourceTree = "<group>"; };
		F1C4926726AC832200211516 /* EzyNativeSerializers.h */ = {isa = PBXFileReference; fileEncoding = 4; lastKnownFileType = sourcecode.c.h; path = EzyNativeSerializers.h; sourceTree = "<group>"; };
		F1C4926826AC832200211516 /* EzyClientConfigSerializer.h */ = {isa = PBXFileReference; fileEncoding = 4; lastKnownFileType = sourcecode.c.h; path = EzyClientConfigSerializer.h; sourceTree = "<group>"; };
		F1C4926926AC832200211516 /* EzyEventSerializer.mm */ = {isa = PBXFileReference; fileEncoding = 4; lastKnownFileType = sourcecode.cpp.objcpp; path = EzyEventSerializer.mm; sourceTree = "<group>"; };
		F1C4926A26AC832200211516 /* EzyNativeSerializers.mm */ = {isa = PBXFileReference; fileEncoding = 4; lastKnownFileType = sourcecode.cpp.objcpp; path = EzyNativeSerializers.mm; sourceTree = "<group>"; };
		F1C4926C26AC832200211516 /* EzyMethodProxy.mm */ = {isa = PBXFileReference; fileEncoding = 4; lastKnownFileType = sourcecode.cpp.objcpp; path = EzyMethodProxy.mm; sourceTree = "<group>"; };
		F1C4926D26AC832200211516 /* EzyMethodProxy.h */ = {isa = PBXFileReference; fileEncoding = 4; lastKnownFileType = sourcecode.c.h; path = EzyMethodProxy.h; sourceTree = "<group>"; };
		F1C4926F26AC832200211516 /* EzyNativeStrings.mm */ = {isa = PBXFileReference; fileEncoding = 4; lastKnownFileType = sourcecode.cpp.objcpp; path = EzyNativeStrings.mm; sourceTree = "<group>"; };
		F1C4927026AC832200211516 /* EzyNativeStrings.h */ = {isa = PBXFileReference; fileEncoding = 4; lastKnownFileType = sourcecode.c.h; path = EzyNativeStrings.h; sourceTree = "<group>"; };
		F1C4927126AC832200211516 /* EzyMethodNames.h */ = {isa = PBXFileReference; fileEncoding = 4; lastKnownFileType = sourcecode.c.h; path = EzyMethodNames.h; sourceTree = "<group>"; };
		F1C4927226AC832200211516 /* EzyClientProxy.mm */ = {isa = PBXFileReference; fileEncoding = 4; lastKnownFileType = sourcecode.cpp.objcpp; path = EzyClientProxy.mm; sourceTree = "<group>"; };
		F1C4927326AC832200211516 /* EzyMethodNames.mm */ = {isa = PBXFileReference; fileEncoding = 4; lastKnownFileType = sourcecode.cpp.objcpp; path = EzyMethodNames.mm; sourceTree = "<group>"; };
		F1C4927526AC832200211516 /* EzyMethodCallException.mm */ = {isa = PBXFileReference; fileEncoding = 4; lastKnownFileType = sourcecode.cpp.objcpp; path = EzyMethodCallException.mm; sourceTree = "<group>"; };
		F1C4927626AC832200211516 /* EzyMethodCallException.h */ = {isa = PBXFileReference; fileEncoding = 4; lastKnownFileType = sourcecode.c.h; path = EzyMethodCallException.h; sourceTree = "<group>"; };
		F1C4927726AC832200211516 /* EzyClientProxy.h */ = {isa = PBXFileReference; fileEncoding = 4; lastKnownFileType = sourcecode.c.h; path = EzyClientProxy.h; sourceTree = "<group>"; };
		F1C4927926AC832200211516 /* CMakeLists.txt */ = {isa = PBXFileReference; fileEncoding = 4; lastKnownFileType = text; path = CMakeLists.txt; sourceTree = "<group>"; };
		F1C4927A26AC832200211516 /* CODING_CONVENSION.md */ = {isa = PBXFileReference; fileEncoding = 4; lastKnownFileType = net.daringfireball.markdown; path = CODING_CONVENSION.md; sourceTree = "<group>"; };
		F1C4927D26AC832200211516 /* ezyfox-client.xcodeproj */ = {isa = PBXFileReference; lastKnownFileType = "wrapper.pb-project"; path = "ezyfox-client.xcodeproj"; sourceTree = "<group>"; };
		F1C4928126AC832200211516 /* .gitignore */ = {isa = PBXFileReference; fileEncoding = 4; lastKnownFileType = text; path = .gitignore; sourceTree = "<group>"; };
		F1C4928226AC832200211516 /* build.gradle */ = {isa = PBXFileReference; fileEncoding = 4; lastKnownFileType = text; path = build.gradle; sourceTree = "<group>"; };
		F1C4928326AC832200211516 /* gradle.properties */ = {isa = PBXFileReference; fileEncoding = 4; lastKnownFileType = text; path = gradle.properties; sourceTree = "<group>"; };
		F1C4928526AC832200211516 /* Android.mk */ = {isa = PBXFileReference; fileEncoding = 4; lastKnownFileType = text; path = Android.mk; sourceTree = "<group>"; };
		F1C4928626AC832200211516 /* Application.mk */ = {isa = PBXFileReference; fileEncoding = 4; lastKnownFileType = text; path = Application.mk; sourceTree = "<group>"; };
		F1C4928926AC832200211516 /* AndroidManifest.xml */ = {isa = PBXFileReference; fileEncoding = 4; lastKnownFileType = text.xml; path = AndroidManifest.xml; sourceTree = "<group>"; };
		F1C4928A26AC832200211516 /* README.md */ = {isa = PBXFileReference; fileEncoding = 4; lastKnownFileType = net.daringfireball.markdown; path = README.md; sourceTree = "<group>"; };
		F1C4928B26AC832200211516 /* .gitignore */ = {isa = PBXFileReference; fileEncoding = 4; lastKnownFileType = text; path = .gitignore; sourceTree = "<group>"; };
		F1C4928E26AC832200211516 /* EzyPluginDataHandlers.h */ = {isa = PBXFileReference; fileEncoding = 4; lastKnownFileType = sourcecode.c.h; path = EzyPluginDataHandlers.h; sourceTree = "<group>"; };
		F1C4928F26AC832200211516 /* EzyEventHandler.h */ = {isa = PBXFileReference; fileEncoding = 4; lastKnownFileType = sourcecode.c.h; path = EzyEventHandler.h; sourceTree = "<group>"; };
		F1C4929026AC832200211516 /* EzyEventHandlers.cpp */ = {isa = PBXFileReference; fileEncoding = 4; lastKnownFileType = sourcecode.cpp.cpp; path = EzyEventHandlers.cpp; sourceTree = "<group>"; };
		F1C4929126AC832200211516 /* EzyDataHandlers.cpp */ = {isa = PBXFileReference; fileEncoding = 4; lastKnownFileType = sourcecode.cpp.cpp; path = EzyDataHandlers.cpp; sourceTree = "<group>"; };
		F1C4929226AC832200211516 /* EzyPluginDataHandler.h */ = {isa = PBXFileReference; fileEncoding = 4; lastKnownFileType = sourcecode.c.h; path = EzyPluginDataHandler.h; sourceTree = "<group>"; };
		F1C4929326AC832200211516 /* EzyDataHandlers.h */ = {isa = PBXFileReference; fileEncoding = 4; lastKnownFileType = sourcecode.c.h; path = EzyDataHandlers.h; sourceTree = "<group>"; };
		F1C4929426AC832200211516 /* EzyEventHandlers.h */ = {isa = PBXFileReference; fileEncoding = 4; lastKnownFileType = sourcecode.c.h; path = EzyEventHandlers.h; sourceTree = "<group>"; };
		F1C4929526AC832200211516 /* EzyAppDataHandler.h */ = {isa = PBXFileReference; fileEncoding = 4; lastKnownFileType = sourcecode.c.h; path = EzyAppDataHandler.h; sourceTree = "<group>"; };
		F1C4929626AC832200211516 /* EzyEventHandler.cpp */ = {isa = PBXFileReference; fileEncoding = 4; lastKnownFileType = sourcecode.cpp.cpp; path = EzyEventHandler.cpp; sourceTree = "<group>"; };
		F1C4929726AC832200211516 /* EzyDataHandler.h */ = {isa = PBXFileReference; fileEncoding = 4; lastKnownFileType = sourcecode.c.h; path = EzyDataHandler.h; sourceTree = "<group>"; };
		F1C4929826AC832200211516 /* EzyAppDataHandlers.cpp */ = {isa = PBXFileReference; fileEncoding = 4; lastKnownFileType = sourcecode.cpp.cpp; path = EzyAppDataHandlers.cpp; sourceTree = "<group>"; };
		F1C4929926AC832200211516 /* EzyAppDataHandlers.h */ = {isa = PBXFileReference; fileEncoding = 4; lastKnownFileType = sourcecode.c.h; path = EzyAppDataHandlers.h; sourceTree = "<group>"; };
		F1C4929A26AC832200211516 /* EzyPluginDataHandlers.cpp */ = {isa = PBXFileReference; fileEncoding = 4; lastKnownFileType = sourcecode.cpp.cpp; path = EzyPluginDataHandlers.cpp; sourceTree = "<group>"; };
		F1C4929B26AC832200211516 /* EzyPluginDataHandler.cpp */ = {isa = PBXFileReference; fileEncoding = 4; lastKnownFileType = sourcecode.cpp.cpp; path = EzyPluginDataHandler.cpp; sourceTree = "<group>"; };
		F1C4929C26AC832200211516 /* EzyAppDataHandler.cpp */ = {isa = PBXFileReference; fileEncoding = 4; lastKnownFileType = sourcecode.cpp.cpp; path = EzyAppDataHandler.cpp; sourceTree = "<group>"; };
		F1C4929D26AC832200211516 /* EzyDataHandler.cpp */ = {isa = PBXFileReference; fileEncoding = 4; lastKnownFileType = sourcecode.cpp.cpp; path = EzyDataHandler.cpp; sourceTree = "<group>"; };
		F1C4929E26AC832200211516 /* EzyClient.h */ = {isa = PBXFileReference; fileEncoding = 4; lastKnownFileType = sourcecode.c.h; path = EzyClient.h; sourceTree = "<group>"; };
		F1C4929F26AC832200211516 /* EzyClients.h */ = {isa = PBXFileReference; fileEncoding = 4; lastKnownFileType = sourcecode.c.h; path = EzyClients.h; sourceTree = "<group>"; };
		F1C492A026AC832200211516 /* EzyUTClient.h */ = {isa = PBXFileReference; fileEncoding = 4; lastKnownFileType = sourcecode.c.h; path = EzyUTClient.h; sourceTree = "<group>"; };
		F1C492A126AC832200211516 /* EzyUTClient.cpp */ = {isa = PBXFileReference; fileEncoding = 4; lastKnownFileType = sourcecode.cpp.cpp; path = EzyUTClient.cpp; sourceTree = "<group>"; };
		F1C492A326AC832200211516 /* EzyLogger.cpp */ = {isa = PBXFileReference; fileEncoding = 4; lastKnownFileType = sourcecode.cpp.cpp; path = EzyLogger.cpp; sourceTree = "<group>"; };
		F1C492A426AC832200211516 /* EzyLogger.h */ = {isa = PBXFileReference; fileEncoding = 4; lastKnownFileType = sourcecode.c.h; path = EzyLogger.h; sourceTree = "<group>"; };
		F1C492A626AC832200211516 /* EzyStack.h */ = {isa = PBXFileReference; fileEncoding = 4; lastKnownFileType = sourcecode.c.h; path = EzyStack.h; sourceTree = "<group>"; };
		F1C492A726AC832200211516 /* EzyMaps.h */ = {isa = PBXFileReference; fileEncoding = 4; lastKnownFileType = sourcecode.c.h; path = EzyMaps.h; sourceTree = "<group>"; };
		F1C492A926AC832200211516 /* EzyClientConfig.h */ = {isa = PBXFileReference; fileEncoding = 4; lastKnownFileType = sourcecode.c.h; path = EzyClientConfig.h; sourceTree = "<group>"; };
		F1C492AA26AC832200211516 /* EzyClientConfig.cpp */ = {isa = PBXFileReference; fileEncoding = 4; lastKnownFileType = sourcecode.cpp.cpp; path = EzyClientConfig.cpp; sourceTree = "<group>"; };
		F1C492AC26AC832200211516 /* EzyApp.cpp */ = {isa = PBXFileReference; fileEncoding = 4; lastKnownFileType = sourcecode.cpp.cpp; path = EzyApp.cpp; sourceTree = "<group>"; };
		F1C492AD26AC832200211516 /* EzyString.cpp */ = {isa = PBXFileReference; fileEncoding = 4; lastKnownFileType = sourcecode.cpp.cpp; path = EzyString.cpp; sourceTree = "<group>"; };
		F1C492AE26AC832200211516 /* EzyUser.h */ = {isa = PBXFileReference; fileEncoding = 4; lastKnownFileType = sourcecode.c.h; path = EzyUser.h; sourceTree = "<group>"; };
		F1C492AF26AC832200211516 /* EzyZone.cpp */ = {isa = PBXFileReference; fileEncoding = 4; lastKnownFileType = sourcecode.cpp.cpp; path = EzyZone.cpp; sourceTree = "<group>"; };
		F1C492B026AC832200211516 /* EzyPrimitive.cpp */ = {isa = PBXFileReference; fileEncoding = 4; lastKnownFileType = sourcecode.cpp.cpp; path = EzyPrimitive.cpp; sourceTree = "<group>"; };
		F1C492B126AC832200211516 /* EzyPlugin.h */ = {isa = PBXFileReference; fileEncoding = 4; lastKnownFileType = sourcecode.c.h; path = EzyPlugin.h; sourceTree = "<group>"; };
		F1C492B226AC832200211516 /* EzyObject.cpp */ = {isa = PBXFileReference; fileEncoding = 4; lastKnownFileType = sourcecode.cpp.cpp; path = EzyObject.cpp; sourceTree = "<group>"; };
		F1C492B326AC832200211516 /* EzyByteArray.h */ = {isa = PBXFileReference; fileEncoding = 4; lastKnownFileType = sourcecode.c.h; path = EzyByteArray.h; sourceTree = "<group>"; };
		F1C492B426AC832200211516 /* EzyPrimitive.h */ = {isa = PBXFileReference; fileEncoding = 4; lastKnownFileType = sourcecode.c.h; path = EzyPrimitive.h; sourceTree = "<group>"; };
		F1C492B526AC832200211516 /* EzyNull.cpp */ = {isa = PBXFileReference; fileEncoding = 4; lastKnownFileType = sourcecode.cpp.cpp; path = EzyNull.cpp; sourceTree = "<group>"; };
		F1C492B626AC832200211516 /* EzyArray.h */ = {isa = PBXFileReference; fileEncoding = 4; lastKnownFileType = sourcecode.c.h; path = EzyArray.h; sourceTree = "<group>"; };
		F1C492B726AC832200211516 /* EzyByteArray.cpp */ = {isa = PBXFileReference; fileEncoding = 4; lastKnownFileType = sourcecode.cpp.cpp; path = EzyByteArray.cpp; sourceTree = "<group>"; };
		F1C492B826AC832200211516 /* EzyValue.h */ = {isa = PBXFileReference; fileEncoding = 4; lastKnownFileType = sourcecode.c.h; path = EzyValue.h; sourceTree = "<group>"; };
		F1C492B926AC832200211516 /* EzyArray.cpp */ = {isa = PBXFileReference; fileEncoding = 4; lastKnownFileType = sourcecode.cpp.cpp; path = EzyArray.cpp; sourceTree = "<group>"; };
		F1C492BA26AC832200211516 /* EzyValue.cpp */ = {isa = PBXFileReference; fileEncoding = 4; lastKnownFileType = sourcecode.cpp.cpp; path = EzyValue.cpp; sourceTree = "<group>"; };
		F1C492BB26AC832200211516 /* EzyZone.h */ = {isa = PBXFileReference; fileEncoding = 4; lastKnownFileType = sourcecode.c.h; path = EzyZone.h; sourceTree = "<group>"; };
		F1C492BC26AC832200211516 /* EzyApp.h */ = {isa = PBXFileReference; fileEncoding = 4; lastKnownFileType = sourcecode.c.h; path = EzyApp.h; sourceTree = "<group>"; };
		F1C492BD26AC832200211516 /* EzyObject.h */ = {isa = PBXFileReference; fileEncoding = 4; lastKnownFileType = sourcecode.c.h; path = EzyObject.h; sourceTree = "<group>"; };
		F1C492BE26AC832200211516 /* EzyUser.cpp */ = {isa = PBXFileReference; fileEncoding = 4; lastKnownFileType = sourcecode.cpp.cpp; path = EzyUser.cpp; sourceTree = "<group>"; };
		F1C492BF26AC832200211516 /* EzyPlugin.cpp */ = {isa = PBXFileReference; fileEncoding = 4; lastKnownFileType = sourcecode.cpp.cpp; path = EzyPlugin.cpp; sourceTree = "<group>"; };
		F1C492C026AC832200211516 /* EzyNull.h */ = {isa = PBXFileReference; fileEncoding = 4; lastKnownFileType = sourcecode.c.h; path = EzyNull.h; sourceTree = "<group>"; };
		F1C492C126AC832200211516 /* EzyString.h */ = {isa = PBXFileReference; fileEncoding = 4; lastKnownFileType = sourcecode.c.h; path = EzyString.h; sourceTree = "<group>"; };
		F1C492C326AC832200211516 /* EzyDataEncoder.h */ = {isa = PBXFileReference; fileEncoding = 4; lastKnownFileType = sourcecode.c.h; path = EzyDataEncoder.h; sourceTree = "<group>"; };
		F1C492C426AC832200211516 /* EzyMessage.h */ = {isa = PBXFileReference; fileEncoding = 4; lastKnownFileType = sourcecode.c.h; path = EzyMessage.h; sourceTree = "<group>"; };
		F1C492C526AC832200211516 /* EzyMessage.cpp */ = {isa = PBXFileReference; fileEncoding = 4; lastKnownFileType = sourcecode.cpp.cpp; path = EzyMessage.cpp; sourceTree = "<group>"; };
		F1C492C626AC832200211516 /* EzyDataDecoder.cpp */ = {isa = PBXFileReference; fileEncoding = 4; lastKnownFileType = sourcecode.cpp.cpp; path = EzyDataDecoder.cpp; sourceTree = "<group>"; };
		F1C492C726AC832200211516 /* EzyEncryption.h */ = {isa = PBXFileReference; fileEncoding = 4; lastKnownFileType = sourcecode.c.h; path = EzyEncryption.h; sourceTree = "<group>"; };
		F1C492C826AC832200211516 /* EzyEncryption.cpp */ = {isa = PBXFileReference; fileEncoding = 4; lastKnownFileType = sourcecode.cpp.cpp; path = EzyEncryption.cpp; sourceTree = "<group>"; };
		F1C492C926AC832200211516 /* EzyDataDecoder.h */ = {isa = PBXFileReference; fileEncoding = 4; lastKnownFileType = sourcecode.c.h; path = EzyDataDecoder.h; sourceTree = "<group>"; };
		F1C492CA26AC832200211516 /* EzyDataEncoder.cpp */ = {isa = PBXFileReference; fileEncoding = 4; lastKnownFileType = sourcecode.cpp.cpp; path = EzyDataEncoder.cpp; sourceTree = "<group>"; };
		F1C492CB26AC832200211516 /* EzyClient.cpp */ = {isa = PBXFileReference; fileEncoding = 4; lastKnownFileType = sourcecode.cpp.cpp; path = EzyClient.cpp; sourceTree = "<group>"; };
		F1C492CD26AC832200211516 /* EzySetup.cpp */ = {isa = PBXFileReference; fileEncoding = 4; lastKnownFileType = sourcecode.cpp.cpp; path = EzySetup.cpp; sourceTree = "<group>"; };
		F1C492CE26AC832200211516 /* EzySetup.h */ = {isa = PBXFileReference; fileEncoding = 4; lastKnownFileType = sourcecode.c.h; path = EzySetup.h; sourceTree = "<group>"; };
		F1C492CF26AC832200211516 /* EzyClients.cpp */ = {isa = PBXFileReference; fileEncoding = 4; lastKnownFileType = sourcecode.cpp.cpp; path = EzyClients.cpp; sourceTree = "<group>"; };
		F1C492D026AC832200211516 /* EzyHeaders.h */ = {isa = PBXFileReference; fileEncoding = 4; lastKnownFileType = sourcecode.c.h; path = EzyHeaders.h; sourceTree = "<group>"; };
		F1C492D226AC832200211516 /* EzyHandlerManager.h */ = {isa = PBXFileReference; fileEncoding = 4; lastKnownFileType = sourcecode.c.h; path = EzyHandlerManager.h; sourceTree = "<group>"; };
		F1C492D326AC832200211516 /* EzyPluginManager.cpp */ = {isa = PBXFileReference; fileEncoding = 4; lastKnownFileType = sourcecode.cpp.cpp; path = EzyPluginManager.cpp; sourceTree = "<group>"; };
		F1C492D426AC832200211516 /* EzyAppManager.cpp */ = {isa = PBXFileReference; fileEncoding = 4; lastKnownFileType = sourcecode.cpp.cpp; path = EzyAppManager.cpp; sourceTree = "<group>"; };
		F1C492D526AC832200211516 /* EzyHandlerManager.cpp */ = {isa = PBXFileReference; fileEncoding = 4; lastKnownFileType = sourcecode.cpp.cpp; path = EzyHandlerManager.cpp; sourceTree = "<group>"; };
		F1C492D626AC832200211516 /* EzyPingManager.cpp */ = {isa = PBXFileReference; fileEncoding = 4; lastKnownFileType = sourcecode.cpp.cpp; path = EzyPingManager.cpp; sourceTree = "<group>"; };
		F1C492D726AC832200211516 /* EzyAppManager.h */ = {isa = PBXFileReference; fileEncoding = 4; lastKnownFileType = sourcecode.c.h; path = EzyAppManager.h; sourceTree = "<group>"; };
		F1C492D826AC832200211516 /* EzyPingManager.h */ = {isa = PBXFileReference; fileEncoding = 4; lastKnownFileType = sourcecode.c.h; path = EzyPingManager.h; sourceTree = "<group>"; };
		F1C492D926AC832200211516 /* EzyPluginManager.h */ = {isa = PBXFileReference; fileEncoding = 4; lastKnownFileType = sourcecode.c.h; path = EzyPluginManager.h; sourceTree = "<group>"; };
		F1C492DA26AC832200211516 /* EzyMacro.h */ = {isa = PBXFileReference; fileEncoding = 4; lastKnownFileType = sourcecode.c.h; path = EzyMacro.h; sourceTree = "<group>"; };
		F1C492DC26AC832200211516 /* EzyStatusCode.h */ = {isa = PBXFileReference; fileEncoding = 4; lastKnownFileType = sourcecode.c.h; path = EzyStatusCode.h; sourceTree = "<group>"; };
		F1C492DD26AC832200211516 /* EzyConnectionStatus.cpp */ = {isa = PBXFileReference; fileEncoding = 4; lastKnownFileType = sourcecode.cpp.cpp; path = EzyConnectionStatus.cpp; sourceTree = "<group>"; };
		F1C492DE26AC832200211516 /* EzyConnectionStatus.h */ = {isa = PBXFileReference; fileEncoding = 4; lastKnownFileType = sourcecode.c.h; path = EzyConnectionStatus.h; sourceTree = "<group>"; };
		F1C492DF26AC832200211516 /* EzyCommand.cpp */ = {isa = PBXFileReference; fileEncoding = 4; lastKnownFileType = sourcecode.cpp.cpp; path = EzyCommand.cpp; sourceTree = "<group>"; };
		F1C492E026AC832200211516 /* EzyTransportType.h */ = {isa = PBXFileReference; fileEncoding = 4; lastKnownFileType = sourcecode.c.h; path = EzyTransportType.h; sourceTree = "<group>"; };
		F1C492E126AC832200211516 /* EzyConnectionFailedReason.h */ = {isa = PBXFileReference; fileEncoding = 4; lastKnownFileType = sourcecode.c.h; path = EzyConnectionFailedReason.h; sourceTree = "<group>"; };
		F1C492E226AC832200211516 /* EzyDisconnectReason.h */ = {isa = PBXFileReference; fileEncoding = 4; lastKnownFileType = sourcecode.c.h; path = EzyDisconnectReason.h; sourceTree = "<group>"; };
		F1C492E326AC832200211516 /* EzyCommand.h */ = {isa = PBXFileReference; fileEncoding = 4; lastKnownFileType = sourcecode.c.h; path = EzyCommand.h; sourceTree = "<group>"; };
		F1C492E426AC832200211516 /* EzyDisconnectReason.cpp */ = {isa = PBXFileReference; fileEncoding = 4; lastKnownFileType = sourcecode.cpp.cpp; path = EzyDisconnectReason.cpp; sourceTree = "<group>"; };
		F1C492E526AC832200211516 /* EzyConnectionFailedReason.cpp */ = {isa = PBXFileReference; fileEncoding = 4; lastKnownFileType = sourcecode.cpp.cpp; path = EzyConnectionFailedReason.cpp; sourceTree = "<group>"; };
		F1C492E726AC832200211516 /* EzyThread.cpp */ = {isa = PBXFileReference; fileEncoding = 4; lastKnownFileType = sourcecode.cpp.cpp; path = EzyThread.cpp; sourceTree = "<group>"; };
		F1C492E826AC832200211516 /* EzyThread.h */ = {isa = PBXFileReference; fileEncoding = 4; lastKnownFileType = sourcecode.c.h; path = EzyThread.h; sourceTree = "<group>"; };
		F1C492E926AC832200211516 /* EzyScheduleAtFixedRate.h */ = {isa = PBXFileReference; fileEncoding = 4; lastKnownFileType = sourcecode.c.h; path = EzyScheduleAtFixedRate.h; sourceTree = "<group>"; };
		F1C492EA26AC832200211516 /* EzyScheduleAtFixedRate.cpp */ = {isa = PBXFileReference; fileEncoding = 4; lastKnownFileType = sourcecode.cpp.cpp; path = EzyScheduleAtFixedRate.cpp; sourceTree = "<group>"; };
		F1C492EC26AC832200211516 /* EzyReleasePool.h */ = {isa = PBXFileReference; fileEncoding = 4; lastKnownFileType = sourcecode.c.h; path = EzyReleasePool.h; sourceTree = "<group>"; };
		F1C492ED26AC832200211516 /* EzyAutoReleasePool.h */ = {isa = PBXFileReference; fileEncoding = 4; lastKnownFileType = sourcecode.c.h; path = EzyAutoReleasePool.h; sourceTree = "<group>"; };
		F1C492EE26AC832200211516 /* EzyReleasePool.cpp */ = {isa = PBXFileReference; fileEncoding = 4; lastKnownFileType = sourcecode.cpp.cpp; path = EzyReleasePool.cpp; sourceTree = "<group>"; };
		F1C492EF26AC832200211516 /* EzyAutoReleasePool.cpp */ = {isa = PBXFileReference; fileEncoding = 4; lastKnownFileType = sourcecode.cpp.cpp; path = EzyAutoReleasePool.cpp; sourceTree = "<group>"; };
		F1C492F126AC832200211516 /* EzyRequest.cpp */ = {isa = PBXFileReference; fileEncoding = 4; lastKnownFileType = sourcecode.cpp.cpp; path = EzyRequest.cpp; sourceTree = "<group>"; };
		F1C492F226AC832200211516 /* EzyRequestSerializer.cpp */ = {isa = PBXFileReference; fileEncoding = 4; lastKnownFileType = sourcecode.cpp.cpp; path = EzyRequestSerializer.cpp; sourceTree = "<group>"; };
		F1C492F326AC832200211516 /* EzyRequest.h */ = {isa = PBXFileReference; fileEncoding = 4; lastKnownFileType = sourcecode.c.h; path = EzyRequest.h; sourceTree = "<group>"; };
		F1C492F426AC832200211516 /* EzyRequestSerializer.h */ = {isa = PBXFileReference; fileEncoding = 4; lastKnownFileType = sourcecode.c.h; path = EzyRequestSerializer.h; sourceTree = "<group>"; };
		F1C492F626AC832200211516 /* EzyEventType.h */ = {isa = PBXFileReference; fileEncoding = 4; lastKnownFileType = sourcecode.c.h; path = EzyEventType.h; sourceTree = "<group>"; };
		F1C492F726AC832200211516 /* EzyEvent.h */ = {isa = PBXFileReference; fileEncoding = 4; lastKnownFileType = sourcecode.c.h; path = EzyEvent.h; sourceTree = "<group>"; };
		F1C492F826AC832200211516 /* EzyEvent.cpp */ = {isa = PBXFileReference; fileEncoding = 4; lastKnownFileType = sourcecode.cpp.cpp; path = EzyEvent.cpp; sourceTree = "<group>"; };
		F1C492F926AC832200211516 /* EzyEventType.cpp */ = {isa = PBXFileReference; fileEncoding = 4; lastKnownFileType = sourcecode.cpp.cpp; path = EzyEventType.cpp; sourceTree = "<group>"; };
		F1C492FB26AC832200211516 /* EzyRef.h */ = {isa = PBXFileReference; fileEncoding = 4; lastKnownFileType = sourcecode.c.h; path = EzyRef.h; sourceTree = "<group>"; };
		F1C492FC26AC832200211516 /* EzyRef.cpp */ = {isa = PBXFileReference; fileEncoding = 4; lastKnownFileType = sourcecode.cpp.cpp; path = EzyRef.cpp; sourceTree = "<group>"; };
		F1C492FE26AC832200211516 /* EzySocketDelegate.h */ = {isa = PBXFileReference; fileEncoding = 4; lastKnownFileType = sourcecode.c.h; path = EzySocketDelegate.h; sourceTree = "<group>"; };
		F1C492FF26AC832200211516 /* EzySocketAdapter.h */ = {isa = PBXFileReference; fileEncoding = 4; lastKnownFileType = sourcecode.c.h; path = EzySocketAdapter.h; sourceTree = "<group>"; };
		F1C4930026AC832200211516 /* EzySocketClient.h */ = {isa = PBXFileReference; fileEncoding = 4; lastKnownFileType = sourcecode.c.h; path = EzySocketClient.h; sourceTree = "<group>"; };
		F1C4930126AC832200211516 /* EzySocketReader.h */ = {isa = PBXFileReference; fileEncoding = 4; lastKnownFileType = sourcecode.c.h; path = EzySocketReader.h; sourceTree = "<group>"; };
		F1C4930226AC832200211516 /* EzyTcpSocketClient.cpp */ = {isa = PBXFileReference; fileEncoding = 4; lastKnownFileType = sourcecode.cpp.cpp; path = EzyTcpSocketClient.cpp; sourceTree = "<group>"; };
		F1C4930326AC832200211516 /* EzySocketClient.cpp */ = {isa = PBXFileReference; fileEncoding = 4; lastKnownFileType = sourcecode.cpp.cpp; path = EzySocketClient.cpp; sourceTree = "<group>"; };
		F1C4930426AC832200211516 /* EzySocketAdapter.cpp */ = {isa = PBXFileReference; fileEncoding = 4; lastKnownFileType = sourcecode.cpp.cpp; path = EzySocketAdapter.cpp; sourceTree = "<group>"; };
		F1C4930526AC832200211516 /* EzySocketDefine.h */ = {isa = PBXFileReference; fileEncoding = 4; lastKnownFileType = sourcecode.c.h; path = EzySocketDefine.h; sourceTree = "<group>"; };
		F1C4930626AC832200211516 /* EzyTcpSocketClient.h */ = {isa = PBXFileReference; fileEncoding = 4; lastKnownFileType = sourcecode.c.h; path = EzyTcpSocketClient.h; sourceTree = "<group>"; };
		F1C4930726AC832200211516 /* EzySocketCore.cpp */ = {isa = PBXFileReference; fileEncoding = 4; lastKnownFileType = sourcecode.cpp.cpp; path = EzySocketCore.cpp; sourceTree = "<group>"; };
		F1C4930826AC832200211516 /* EzySocketPool.h */ = {isa = PBXFileReference; fileEncoding = 4; lastKnownFileType = sourcecode.c.h; path = EzySocketPool.h; sourceTree = "<group>"; };
		F1C4930926AC832200211516 /* EzyUdpSocketClient.h */ = {isa = PBXFileReference; fileEncoding = 4; lastKnownFileType = sourcecode.c.h; path = EzyUdpSocketClient.h; sourceTree = "<group>"; };
		F1C4930A26AC832200211516 /* EzyUTSocketClient.h */ = {isa = PBXFileReference; fileEncoding = 4; lastKnownFileType = sourcecode.c.h; path = EzyUTSocketClient.h; sourceTree = "<group>"; };
		F1C4930B26AC832200211516 /* EzySender.h */ = {isa = PBXFileReference; fileEncoding = 4; lastKnownFileType = sourcecode.c.h; path = EzySender.h; sourceTree = "<group>"; };
		F1C4930C26AC832200211516 /* EzySocketCore.h */ = {isa = PBXFileReference; fileEncoding = 4; lastKnownFileType = sourcecode.c.h; path = EzySocketCore.h; sourceTree = "<group>"; };
		F1C4930D26AC832200211516 /* EzyMainEventsLoop.cpp */ = {isa = PBXFileReference; fileEncoding = 4; lastKnownFileType = sourcecode.cpp.cpp; path = EzyMainEventsLoop.cpp; sourceTree = "<group>"; };
		F1C4930E26AC832200211516 /* EzyPingSchedule.cpp */ = {isa = PBXFileReference; fileEncoding = 4; lastKnownFileType = sourcecode.cpp.cpp; path = EzyPingSchedule.cpp; sourceTree = "<group>"; };
		F1C4930F26AC832200211516 /* EzySocketWriter.h */ = {isa = PBXFileReference; fileEncoding = 4; lastKnownFileType = sourcecode.c.h; path = EzySocketWriter.h; sourceTree = "<group>"; };
		F1C4931026AC832200211516 /* EzySocketPool.cpp */ = {isa = PBXFileReference; fileEncoding = 4; lastKnownFileType = sourcecode.cpp.cpp; path = EzySocketPool.cpp; sourceTree = "<group>"; };
		F1C4931126AC832200211516 /* EzySocketReader.cpp */ = {isa = PBXFileReference; fileEncoding = 4; lastKnownFileType = sourcecode.cpp.cpp; path = EzySocketReader.cpp; sourceTree = "<group>"; };
		F1C4931226AC832200211516 /* EzyPingSchedule.h */ = {isa = PBXFileReference; fileEncoding = 4; lastKnownFileType = sourcecode.c.h; path = EzyPingSchedule.h; sourceTree = "<group>"; };
		F1C4931326AC832200211516 /* EzyUTSocketClient.cpp */ = {isa = PBXFileReference; fileEncoding = 4; lastKnownFileType = sourcecode.cpp.cpp; path = EzyUTSocketClient.cpp; sourceTree = "<group>"; };
		F1C4931426AC832200211516 /* EzyUdpSocketClient.cpp */ = {isa = PBXFileReference; fileEncoding = 4; lastKnownFileType = sourcecode.cpp.cpp; path = EzyUdpSocketClient.cpp; sourceTree = "<group>"; };
		F1C4931526AC832200211516 /* EzySocketWriter.cpp */ = {isa = PBXFileReference; fileEncoding = 4; lastKnownFileType = sourcecode.cpp.cpp; path = EzySocketWriter.cpp; sourceTree = "<group>"; };
		F1C4931626AC832200211516 /* EzyMainEventsLoop.h */ = {isa = PBXFileReference; fileEncoding = 4; lastKnownFileType = sourcecode.c.h; path = EzyMainEventsLoop.h; sourceTree = "<group>"; };
		F1C4936926AD63D900211516 /* EzyNSNumber.m */ = {isa = PBXFileReference; fileEncoding = 4; lastKnownFileType = sourcecode.c.objc; path = EzyNSNumber.m; sourceTree = "<group>"; };
		F1C4936A26AD63D900211516 /* EzyNSNumber.h */ = {isa = PBXFileReference; fileEncoding = 4; lastKnownFileType = sourcecode.c.h; path = EzyNSNumber.h; sourceTree = "<group>"; };
		F1C4936D26AD63E900211516 /* NSByArray.m */ = {isa = PBXFileReference; fileEncoding = 4; lastKnownFileType = sourcecode.c.objc; path = NSByArray.m; sourceTree = "<group>"; };
		F1C4936E26AD63E900211516 /* NSByteArray.h */ = {isa = PBXFileReference; fileEncoding = 4; lastKnownFileType = sourcecode.c.h; path = NSByteArray.h; sourceTree = "<group>"; };
		F1C4937126AD6F3600211516 /* EzyEncryptionProxy.h */ = {isa = PBXFileReference; fileEncoding = 4; lastKnownFileType = sourcecode.c.h; path = EzyEncryptionProxy.h; sourceTree = "<group>"; };
		F1C4937226AD6F3600211516 /* EzyEncryptionProxy.mm */ = {isa = PBXFileReference; fileEncoding = 4; lastKnownFileType = sourcecode.cpp.objcpp; path = EzyEncryptionProxy.mm; sourceTree = "<group>"; };
/* End PBXFileReference section */

/* Begin PBXFrameworksBuildPhase section */
		E9C3E39321822B2A00EF0EE8 /* Frameworks */ = {
			isa = PBXFrameworksBuildPhase;
			buildActionMask = 2147483647;
			files = (
				FF56CE99BE656270A5E0E60C /* libPods-ezyfox-server-react-native-client.a in Frameworks */,
			);
			runOnlyForDeploymentPostprocessing = 0;
		};
/* End PBXFrameworksBuildPhase section */

/* Begin PBXGroup section */
		16C82692FEE4F123F5D12CC6 /* Pods */ = {
			isa = PBXGroup;
			children = (
				BB4B42E4A06CD1C5F5024E8F /* Pods-ezyfox-server-react-native-client.debug.xcconfig */,
				98907C94386AF7E1C2D8370A /* Pods-ezyfox-server-react-native-client.release.xcconfig */,
			);
			name = Pods;
			sourceTree = "<group>";
		};
		78B36ABE84300192D2793F14 /* Frameworks */ = {
			isa = PBXGroup;
			children = (
				E97EDB2522F7421100202705 /* libDoubleConversion.a */,
				E97EDB2722F7421100202705 /* libFolly.a */,
				E97EDB2922F7421100202705 /* libglog.a */,
				E97EDB2B22F7421100202705 /* libyoga.a */,
				E97EDB2322F741EC00202705 /* libReact.a */,
				4D7A0EEDB740E514B9E6979E /* libPods-ezyfox-server-react-native-client.a */,
			);
			name = Frameworks;
			sourceTree = "<group>";
		};
		E9C3E38D21822B2A00EF0EE8 = {
			isa = PBXGroup;
			children = (
				E9C3E39821822B2A00EF0EE8 /* ezyfox-server-react-native-client */,
				F1C4925F26AC832200211516 /* client */,
				E9C3E39721822B2A00EF0EE8 /* Products */,
				E93B737C21822C1F005D3930 /* Podfile */,
				16C82692FEE4F123F5D12CC6 /* Pods */,
				78B36ABE84300192D2793F14 /* Frameworks */,
			);
			sourceTree = "<group>";
		};
		E9C3E39721822B2A00EF0EE8 /* Products */ = {
			isa = PBXGroup;
			children = (
				E9C3E39621822B2A00EF0EE8 /* ezyfox-server-react-native-client.app */,
			);
			name = Products;
			sourceTree = "<group>";
		};
		E9C3E39821822B2A00EF0EE8 /* ezyfox-server-react-native-client */ = {
			isa = PBXGroup;
			children = (
				E9C3E39921822B2A00EF0EE8 /* AppDelegate.h */,
				E9C3E39A21822B2A00EF0EE8 /* AppDelegate.mm */,
				E91196BD21860F2D00EEA0CE /* AppConfigDefine.h */,
				E9C3E39F21822B2A00EF0EE8 /* Main.storyboard */,
				E9C3E3A221822B2D00EF0EE8 /* Assets.xcassets */,
				E9C3E3A421822B2D00EF0EE8 /* LaunchScreen.storyboard */,
				E9C3E3A721822B2D00EF0EE8 /* Info.plist */,
				E9C3E3A821822B2D00EF0EE8 /* main.m */,
				E9A458E921835E7F00FDFDE8 /* Prefix.pch */,
			);
			path = "ezyfox-server-react-native-client";
			sourceTree = "<group>";
		};
		F1C4925F26AC832200211516 /* client */ = {
			isa = PBXGroup;
			children = (
				F1C4936826AD63D900211516 /* math */,
				F1C4937026AD6F3600211516 /* codec */,
				F1C4926026AC832200211516 /* serializer */,
				F1C4926B26AC832200211516 /* proxy */,
				F1C4926E26AC832200211516 /* util */,
				F1C4927126AC832200211516 /* EzyMethodNames.h */,
				F1C4927326AC832200211516 /* EzyMethodNames.mm */,
				F1C4927426AC832200211516 /* exception */,
				F1C4927726AC832200211516 /* EzyClientProxy.h */,
				F1C4927226AC832200211516 /* EzyClientProxy.mm */,
				F1C4927826AC832200211516 /* socket */,
			);
			path = client;
			sourceTree = SOURCE_ROOT;
		};
		F1C4926026AC832200211516 /* serializer */ = {
			isa = PBXGroup;
			children = (
				F1C4926126AC832200211516 /* EzyNativeDataSerializer.mm */,
				F1C4926226AC832200211516 /* EzyClientConfigSerializer.mm */,
				F1C4926326AC832200211516 /* EzyNativeDataDeserializer.h */,
				F1C4926426AC832200211516 /* EzyNativeDataSerializer.h */,
				F1C4926526AC832200211516 /* EzyNativeDataDeserializer.mm */,
				F1C4926626AC832200211516 /* EzyEventSerializer.h */,
				F1C4926726AC832200211516 /* EzyNativeSerializers.h */,
				F1C4926826AC832200211516 /* EzyClientConfigSerializer.h */,
				F1C4926926AC832200211516 /* EzyEventSerializer.mm */,
				F1C4926A26AC832200211516 /* EzyNativeSerializers.mm */,
			);
			path = serializer;
			sourceTree = "<group>";
		};
		F1C4926B26AC832200211516 /* proxy */ = {
			isa = PBXGroup;
			children = (
				F1C4926C26AC832200211516 /* EzyMethodProxy.mm */,
				F1C4926D26AC832200211516 /* EzyMethodProxy.h */,
			);
			path = proxy;
			sourceTree = "<group>";
		};
		F1C4926E26AC832200211516 /* util */ = {
			isa = PBXGroup;
			children = (
				F1C4926F26AC832200211516 /* EzyNativeStrings.mm */,
				F1C4927026AC832200211516 /* EzyNativeStrings.h */,
				F1C4936D26AD63E900211516 /* NSByArray.m */,
				F1C4936E26AD63E900211516 /* NSByteArray.h */,
			);
			path = util;
			sourceTree = "<group>";
		};
		F1C4927426AC832200211516 /* exception */ = {
			isa = PBXGroup;
			children = (
				F1C4927526AC832200211516 /* EzyMethodCallException.mm */,
				F1C4927626AC832200211516 /* EzyMethodCallException.h */,
			);
			path = exception;
			sourceTree = "<group>";
		};
		F1C4927826AC832200211516 /* socket */ = {
			isa = PBXGroup;
			children = (
				F1C4927926AC832200211516 /* CMakeLists.txt */,
				F1C4927A26AC832200211516 /* CODING_CONVENSION.md */,
				F1C4927B26AC832200211516 /* platform */,
				F1C4928A26AC832200211516 /* README.md */,
				F1C4928B26AC832200211516 /* .gitignore */,
				F1C4928C26AC832200211516 /* src */,
			);
			path = socket;
			sourceTree = "<group>";
		};
		F1C4927B26AC832200211516 /* platform */ = {
			isa = PBXGroup;
			children = (
				F1C4927C26AC832200211516 /* apple */,
				F1C4928026AC832200211516 /* android */,
			);
			path = platform;
			sourceTree = "<group>";
		};
		F1C4927C26AC832200211516 /* apple */ = {
			isa = PBXGroup;
			children = (
				F1C4927D26AC832200211516 /* ezyfox-client.xcodeproj */,
			);
			path = apple;
			sourceTree = "<group>";
		};
		F1C4927E26AC832200211516 /* Products */ = {
			isa = PBXGroup;
			children = (
				F1C4931926AC832200211516 /* libezyfox-client.a */,
			);
			name = Products;
			sourceTree = "<group>";
		};
		F1C4928026AC832200211516 /* android */ = {
			isa = PBXGroup;
			children = (
				F1C4928126AC832200211516 /* .gitignore */,
				F1C4928226AC832200211516 /* build.gradle */,
				F1C4928326AC832200211516 /* gradle.properties */,
				F1C4928426AC832200211516 /* jni */,
				F1C4928726AC832200211516 /* src */,
			);
			path = android;
			sourceTree = "<group>";
		};
		F1C4928426AC832200211516 /* jni */ = {
			isa = PBXGroup;
			children = (
				F1C4928526AC832200211516 /* Android.mk */,
				F1C4928626AC832200211516 /* Application.mk */,
			);
			path = jni;
			sourceTree = "<group>";
		};
		F1C4928726AC832200211516 /* src */ = {
			isa = PBXGroup;
			children = (
				F1C4928826AC832200211516 /* main */,
			);
			path = src;
			sourceTree = "<group>";
		};
		F1C4928826AC832200211516 /* main */ = {
			isa = PBXGroup;
			children = (
				F1C4928926AC832200211516 /* AndroidManifest.xml */,
			);
			path = main;
			sourceTree = "<group>";
		};
		F1C4928C26AC832200211516 /* src */ = {
			isa = PBXGroup;
			children = (
				F1C4928D26AC832200211516 /* handler */,
				F1C4929E26AC832200211516 /* EzyClient.h */,
				F1C4929F26AC832200211516 /* EzyClients.h */,
				F1C492A026AC832200211516 /* EzyUTClient.h */,
				F1C492A126AC832200211516 /* EzyUTClient.cpp */,
				F1C492A226AC832200211516 /* logger */,
				F1C492A526AC832200211516 /* util */,
				F1C492A826AC832200211516 /* config */,
				F1C492AB26AC832200211516 /* entity */,
				F1C492C226AC832200211516 /* codec */,
				F1C492CB26AC832200211516 /* EzyClient.cpp */,
				F1C492CC26AC832200211516 /* setup */,
				F1C492CF26AC832200211516 /* EzyClients.cpp */,
				F1C492D026AC832200211516 /* EzyHeaders.h */,
				F1C492D126AC832200211516 /* manager */,
				F1C492DA26AC832200211516 /* EzyMacro.h */,
				F1C492DB26AC832200211516 /* constant */,
				F1C492E626AC832200211516 /* concurrent */,
				F1C492EB26AC832200211516 /* gc */,
				F1C492F026AC832200211516 /* request */,
				F1C492F526AC832200211516 /* event */,
				F1C492FA26AC832200211516 /* base */,
				F1C492FD26AC832200211516 /* socket */,
			);
			path = src;
			sourceTree = "<group>";
		};
		F1C4928D26AC832200211516 /* handler */ = {
			isa = PBXGroup;
			children = (
				F1C4928E26AC832200211516 /* EzyPluginDataHandlers.h */,
				F1C4928F26AC832200211516 /* EzyEventHandler.h */,
				F1C4929026AC832200211516 /* EzyEventHandlers.cpp */,
				F1C4929126AC832200211516 /* EzyDataHandlers.cpp */,
				F1C4929226AC832200211516 /* EzyPluginDataHandler.h */,
				F1C4929326AC832200211516 /* EzyDataHandlers.h */,
				F1C4929426AC832200211516 /* EzyEventHandlers.h */,
				F1C4929526AC832200211516 /* EzyAppDataHandler.h */,
				F1C4929626AC832200211516 /* EzyEventHandler.cpp */,
				F1C4929726AC832200211516 /* EzyDataHandler.h */,
				F1C4929826AC832200211516 /* EzyAppDataHandlers.cpp */,
				F1C4929926AC832200211516 /* EzyAppDataHandlers.h */,
				F1C4929A26AC832200211516 /* EzyPluginDataHandlers.cpp */,
				F1C4929B26AC832200211516 /* EzyPluginDataHandler.cpp */,
				F1C4929C26AC832200211516 /* EzyAppDataHandler.cpp */,
				F1C4929D26AC832200211516 /* EzyDataHandler.cpp */,
			);
			path = handler;
			sourceTree = "<group>";
		};
		F1C492A226AC832200211516 /* logger */ = {
			isa = PBXGroup;
			children = (
				F1C492A326AC832200211516 /* EzyLogger.cpp */,
				F1C492A426AC832200211516 /* EzyLogger.h */,
			);
			path = logger;
			sourceTree = "<group>";
		};
		F1C492A526AC832200211516 /* util */ = {
			isa = PBXGroup;
			children = (
				F1C492A626AC832200211516 /* EzyStack.h */,
				F1C492A726AC832200211516 /* EzyMaps.h */,
			);
			path = util;
			sourceTree = "<group>";
		};
		F1C492A826AC832200211516 /* config */ = {
			isa = PBXGroup;
			children = (
				F1C492A926AC832200211516 /* EzyClientConfig.h */,
				F1C492AA26AC832200211516 /* EzyClientConfig.cpp */,
			);
			path = config;
			sourceTree = "<group>";
		};
		F1C492AB26AC832200211516 /* entity */ = {
			isa = PBXGroup;
			children = (
				F1C492AC26AC832200211516 /* EzyApp.cpp */,
				F1C492AD26AC832200211516 /* EzyString.cpp */,
				F1C492AE26AC832200211516 /* EzyUser.h */,
				F1C492AF26AC832200211516 /* EzyZone.cpp */,
				F1C492B026AC832200211516 /* EzyPrimitive.cpp */,
				F1C492B126AC832200211516 /* EzyPlugin.h */,
				F1C492B226AC832200211516 /* EzyObject.cpp */,
				F1C492B326AC832200211516 /* EzyByteArray.h */,
				F1C492B426AC832200211516 /* EzyPrimitive.h */,
				F1C492B526AC832200211516 /* EzyNull.cpp */,
				F1C492B626AC832200211516 /* EzyArray.h */,
				F1C492B726AC832200211516 /* EzyByteArray.cpp */,
				F1C492B826AC832200211516 /* EzyValue.h */,
				F1C492B926AC832200211516 /* EzyArray.cpp */,
				F1C492BA26AC832200211516 /* EzyValue.cpp */,
				F1C492BB26AC832200211516 /* EzyZone.h */,
				F1C492BC26AC832200211516 /* EzyApp.h */,
				F1C492BD26AC832200211516 /* EzyObject.h */,
				F1C492BE26AC832200211516 /* EzyUser.cpp */,
				F1C492BF26AC832200211516 /* EzyPlugin.cpp */,
				F1C492C026AC832200211516 /* EzyNull.h */,
				F1C492C126AC832200211516 /* EzyString.h */,
			);
			path = entity;
			sourceTree = "<group>";
		};
		F1C492C226AC832200211516 /* codec */ = {
			isa = PBXGroup;
			children = (
				F1C492C326AC832200211516 /* EzyDataEncoder.h */,
				F1C492C426AC832200211516 /* EzyMessage.h */,
				F1C492C526AC832200211516 /* EzyMessage.cpp */,
				F1C492C626AC832200211516 /* EzyDataDecoder.cpp */,
				F1C492C726AC832200211516 /* EzyEncryption.h */,
				F1C492C826AC832200211516 /* EzyEncryption.cpp */,
				F1C492C926AC832200211516 /* EzyDataDecoder.h */,
				F1C492CA26AC832200211516 /* EzyDataEncoder.cpp */,
			);
			path = codec;
			sourceTree = "<group>";
		};
		F1C492CC26AC832200211516 /* setup */ = {
			isa = PBXGroup;
			children = (
				F1C492CD26AC832200211516 /* EzySetup.cpp */,
				F1C492CE26AC832200211516 /* EzySetup.h */,
			);
			path = setup;
			sourceTree = "<group>";
		};
		F1C492D126AC832200211516 /* manager */ = {
			isa = PBXGroup;
			children = (
				F1C492D226AC832200211516 /* EzyHandlerManager.h */,
				F1C492D326AC832200211516 /* EzyPluginManager.cpp */,
				F1C492D426AC832200211516 /* EzyAppManager.cpp */,
				F1C492D526AC832200211516 /* EzyHandlerManager.cpp */,
				F1C492D626AC832200211516 /* EzyPingManager.cpp */,
				F1C492D726AC832200211516 /* EzyAppManager.h */,
				F1C492D826AC832200211516 /* EzyPingManager.h */,
				F1C492D926AC832200211516 /* EzyPluginManager.h */,
			);
			path = manager;
			sourceTree = "<group>";
		};
		F1C492DB26AC832200211516 /* constant */ = {
			isa = PBXGroup;
			children = (
				F1C492DC26AC832200211516 /* EzyStatusCode.h */,
				F1C492DD26AC832200211516 /* EzyConnectionStatus.cpp */,
				F1C492DE26AC832200211516 /* EzyConnectionStatus.h */,
				F1C492DF26AC832200211516 /* EzyCommand.cpp */,
				F1C492E026AC832200211516 /* EzyTransportType.h */,
				F1C492E126AC832200211516 /* EzyConnectionFailedReason.h */,
				F1C492E226AC832200211516 /* EzyDisconnectReason.h */,
				F1C492E326AC832200211516 /* EzyCommand.h */,
				F1C492E426AC832200211516 /* EzyDisconnectReason.cpp */,
				F1C492E526AC832200211516 /* EzyConnectionFailedReason.cpp */,
			);
			path = constant;
			sourceTree = "<group>";
		};
		F1C492E626AC832200211516 /* concurrent */ = {
			isa = PBXGroup;
			children = (
				F1C492E726AC832200211516 /* EzyThread.cpp */,
				F1C492E826AC832200211516 /* EzyThread.h */,
				F1C492E926AC832200211516 /* EzyScheduleAtFixedRate.h */,
				F1C492EA26AC832200211516 /* EzyScheduleAtFixedRate.cpp */,
			);
			path = concurrent;
			sourceTree = "<group>";
		};
		F1C492EB26AC832200211516 /* gc */ = {
			isa = PBXGroup;
			children = (
				F1C492EC26AC832200211516 /* EzyReleasePool.h */,
				F1C492ED26AC832200211516 /* EzyAutoReleasePool.h */,
				F1C492EE26AC832200211516 /* EzyReleasePool.cpp */,
				F1C492EF26AC832200211516 /* EzyAutoReleasePool.cpp */,
			);
			path = gc;
			sourceTree = "<group>";
		};
		F1C492F026AC832200211516 /* request */ = {
			isa = PBXGroup;
			children = (
				F1C492F126AC832200211516 /* EzyRequest.cpp */,
				F1C492F226AC832200211516 /* EzyRequestSerializer.cpp */,
				F1C492F326AC832200211516 /* EzyRequest.h */,
				F1C492F426AC832200211516 /* EzyRequestSerializer.h */,
			);
			path = request;
			sourceTree = "<group>";
		};
		F1C492F526AC832200211516 /* event */ = {
			isa = PBXGroup;
			children = (
				F1C492F626AC832200211516 /* EzyEventType.h */,
				F1C492F726AC832200211516 /* EzyEvent.h */,
				F1C492F826AC832200211516 /* EzyEvent.cpp */,
				F1C492F926AC832200211516 /* EzyEventType.cpp */,
			);
			path = event;
			sourceTree = "<group>";
		};
		F1C492FA26AC832200211516 /* base */ = {
			isa = PBXGroup;
			children = (
				F1C492FB26AC832200211516 /* EzyRef.h */,
				F1C492FC26AC832200211516 /* EzyRef.cpp */,
			);
			path = base;
			sourceTree = "<group>";
		};
		F1C492FD26AC832200211516 /* socket */ = {
			isa = PBXGroup;
			children = (
				F1C492FE26AC832200211516 /* EzySocketDelegate.h */,
				F1C492FF26AC832200211516 /* EzySocketAdapter.h */,
				F1C4930026AC832200211516 /* EzySocketClient.h */,
				F1C4930126AC832200211516 /* EzySocketReader.h */,
				F1C4930226AC832200211516 /* EzyTcpSocketClient.cpp */,
				F1C4930326AC832200211516 /* EzySocketClient.cpp */,
				F1C4930426AC832200211516 /* EzySocketAdapter.cpp */,
				F1C4930526AC832200211516 /* EzySocketDefine.h */,
				F1C4930626AC832200211516 /* EzyTcpSocketClient.h */,
				F1C4930726AC832200211516 /* EzySocketCore.cpp */,
				F1C4930826AC832200211516 /* EzySocketPool.h */,
				F1C4930926AC832200211516 /* EzyUdpSocketClient.h */,
				F1C4930A26AC832200211516 /* EzyUTSocketClient.h */,
				F1C4930B26AC832200211516 /* EzySender.h */,
				F1C4930C26AC832200211516 /* EzySocketCore.h */,
				F1C4930D26AC832200211516 /* EzyMainEventsLoop.cpp */,
				F1C4930E26AC832200211516 /* EzyPingSchedule.cpp */,
				F1C4930F26AC832200211516 /* EzySocketWriter.h */,
				F1C4931026AC832200211516 /* EzySocketPool.cpp */,
				F1C4931126AC832200211516 /* EzySocketReader.cpp */,
				F1C4931226AC832200211516 /* EzyPingSchedule.h */,
				F1C4931326AC832200211516 /* EzyUTSocketClient.cpp */,
				F1C4931426AC832200211516 /* EzyUdpSocketClient.cpp */,
				F1C4931526AC832200211516 /* EzySocketWriter.cpp */,
				F1C4931626AC832200211516 /* EzyMainEventsLoop.h */,
			);
			path = socket;
			sourceTree = "<group>";
		};
		F1C4936826AD63D900211516 /* math */ = {
			isa = PBXGroup;
			children = (
				F1C4936926AD63D900211516 /* EzyNSNumber.m */,
				F1C4936A26AD63D900211516 /* EzyNSNumber.h */,
			);
			path = math;
			sourceTree = "<group>";
		};
		F1C4937026AD6F3600211516 /* codec */ = {
			isa = PBXGroup;
			children = (
				F1C4937126AD6F3600211516 /* EzyEncryptionProxy.h */,
				F1C4937226AD6F3600211516 /* EzyEncryptionProxy.mm */,
			);
			path = codec;
			sourceTree = "<group>";
		};
/* End PBXGroup section */

/* Begin PBXNativeTarget section */
		E9C3E39521822B2A00EF0EE8 /* ezyfox-server-react-native-client */ = {
			isa = PBXNativeTarget;
			buildConfigurationList = E9C3E3C221822B2D00EF0EE8 /* Build configuration list for PBXNativeTarget "ezyfox-server-react-native-client" */;
			buildPhases = (
				B22251B25DC5C01BE2B2A627 /* [CP] Check Pods Manifest.lock */,
				E9C3E39221822B2A00EF0EE8 /* Sources */,
				E9C3E39321822B2A00EF0EE8 /* Frameworks */,
				E9C3E39421822B2A00EF0EE8 /* Resources */,
				E93D3223218333520001E1B0 /* Embed Frameworks */,
			);
			buildRules = (
			);
			dependencies = (
			);
			name = "ezyfox-server-react-native-client";
			productName = "ezyfox-server-react-native-client";
			productReference = E9C3E39621822B2A00EF0EE8 /* ezyfox-server-react-native-client.app */;
			productType = "com.apple.product-type.application";
		};
/* End PBXNativeTarget section */

/* Begin PBXProject section */
		E9C3E38E21822B2A00EF0EE8 /* Project object */ = {
			isa = PBXProject;
			attributes = {
				LastUpgradeCheck = 1000;
				ORGANIZATIONNAME = "Young Monkeys";
				TargetAttributes = {
					E9C3E39521822B2A00EF0EE8 = {
						CreatedOnToolsVersion = 10.0;
					};
				};
			};
			buildConfigurationList = E9C3E39121822B2A00EF0EE8 /* Build configuration list for PBXProject "ezyfox-server-react-native-client" */;
			compatibilityVersion = "Xcode 9.3";
			developmentRegion = en;
			hasScannedForEncodings = 0;
			knownRegions = (
				en,
				Base,
			);
			mainGroup = E9C3E38D21822B2A00EF0EE8;
			productRefGroup = E9C3E39721822B2A00EF0EE8 /* Products */;
			projectDirPath = "";
			projectReferences = (
				{
					ProductGroup = F1C4927E26AC832200211516 /* Products */;
					ProjectRef = F1C4927D26AC832200211516 /* ezyfox-client.xcodeproj */;
				},
			);
			projectRoot = "";
			targets = (
				E9C3E39521822B2A00EF0EE8 /* ezyfox-server-react-native-client */,
			);
		};
/* End PBXProject section */

/* Begin PBXReferenceProxy section */
		F1C4931926AC832200211516 /* libezyfox-client.a */ = {
			isa = PBXReferenceProxy;
			fileType = archive.ar;
			path = "libezyfox-client.a";
			remoteRef = F1C4931826AC832200211516 /* PBXContainerItemProxy */;
			sourceTree = BUILT_PRODUCTS_DIR;
		};
/* End PBXReferenceProxy section */

/* Begin PBXResourcesBuildPhase section */
		E9C3E39421822B2A00EF0EE8 /* Resources */ = {
			isa = PBXResourcesBuildPhase;
			buildActionMask = 2147483647;
			files = (
				E9C3E3A621822B2D00EF0EE8 /* LaunchScreen.storyboard in Resources */,
				E9C3E3A321822B2D00EF0EE8 /* Assets.xcassets in Resources */,
				E93B737D21822C1F005D3930 /* Podfile in Resources */,
				E9C3E3A121822B2A00EF0EE8 /* Main.storyboard in Resources */,
				F1C4932A26AC832200211516 /* Application.mk in Resources */,
			);
			runOnlyForDeploymentPostprocessing = 0;
		};
/* End PBXResourcesBuildPhase section */

/* Begin PBXShellScriptBuildPhase section */
		B22251B25DC5C01BE2B2A627 /* [CP] Check Pods Manifest.lock */ = {
			isa = PBXShellScriptBuildPhase;
			buildActionMask = 2147483647;
			files = (
			);
			inputPaths = (
				"${PODS_PODFILE_DIR_PATH}/Podfile.lock",
				"${PODS_ROOT}/Manifest.lock",
			);
			name = "[CP] Check Pods Manifest.lock";
			outputPaths = (
				"$(DERIVED_FILE_DIR)/Pods-ezyfox-server-react-native-client-checkManifestLockResult.txt",
			);
			runOnlyForDeploymentPostprocessing = 0;
			shellPath = /bin/sh;
			shellScript = "diff \"${PODS_PODFILE_DIR_PATH}/Podfile.lock\" \"${PODS_ROOT}/Manifest.lock\" > /dev/null\nif [ $? != 0 ] ; then\n    # print error to STDERR\n    echo \"error: The sandbox is not in sync with the Podfile.lock. Run 'pod install' or update your CocoaPods installation.\" >&2\n    exit 1\nfi\n# This output is used by Xcode 'outputs' to avoid re-running this script phase.\necho \"SUCCESS\" > \"${SCRIPT_OUTPUT_FILE_0}\"\n";
			showEnvVarsInLog = 0;
		};
/* End PBXShellScriptBuildPhase section */

/* Begin PBXSourcesBuildPhase section */
		E9C3E39221822B2A00EF0EE8 /* Sources */ = {
			isa = PBXSourcesBuildPhase;
			buildActionMask = 2147483647;
			files = (
				F1C4934826AC832200211516 /* EzyClient.cpp in Sources */,
				F1C4933326AC832200211516 /* EzyPluginDataHandler.cpp in Sources */,
				F1C4936F26AD63E900211516 /* NSByArray.m in Sources */,
				F1C4935326AC832200211516 /* EzyThread.cpp in Sources */,
				E9C3E3A921822B2D00EF0EE8 /* main.m in Sources */,
				F1C4935B26AC832200211516 /* EzyRef.cpp in Sources */,
				F1C4934C26AC832200211516 /* EzyAppManager.cpp in Sources */,
				F1C4936326AC832200211516 /* EzySocketReader.cpp in Sources */,
				E9C3E39B21822B2A00EF0EE8 /* AppDelegate.mm in Sources */,
				F1C4933526AC832200211516 /* EzyDataHandler.cpp in Sources */,
				F1C4935E26AC832200211516 /* EzySocketAdapter.cpp in Sources */,
				F1C4932126AC832200211516 /* EzyClientProxy.mm in Sources */,
				F1C4933626AC832200211516 /* EzyUTClient.cpp in Sources */,
				F1C4934226AC832200211516 /* EzyUser.cpp in Sources */,
				F1C4935026AC832200211516 /* EzyCommand.cpp in Sources */,
				F1C4931A26AC832200211516 /* EzyNativeDataSerializer.mm in Sources */,
				F1C4933A26AC832200211516 /* EzyString.cpp in Sources */,
				F1C4931D26AC832200211516 /* EzyEventSerializer.mm in Sources */,
				F1C4935C26AC832200211516 /* EzyTcpSocketClient.cpp in Sources */,
				F1C4936026AC832200211516 /* EzyMainEventsLoop.cpp in Sources */,
				F1C4933D26AC832200211516 /* EzyObject.cpp in Sources */,
				F1C4933826AC832200211516 /* EzyClientConfig.cpp in Sources */,
				F1C4935226AC832200211516 /* EzyConnectionFailedReason.cpp in Sources */,
				F1C4936C26AD63D900211516 /* EzyNSNumber.m in Sources */,
				F1C4936226AC832200211516 /* EzySocketPool.cpp in Sources */,
				F1C4933C26AC832200211516 /* EzyPrimitive.cpp in Sources */,
				F1C4934926AC832200211516 /* EzySetup.cpp in Sources */,
				F1C4933B26AC832200211516 /* EzyZone.cpp in Sources */,
				F1C4935126AC832200211516 /* EzyDisconnectReason.cpp in Sources */,
				F1C4932F26AC832200211516 /* EzyDataHandlers.cpp in Sources */,
				F1C4936626AC832200211516 /* EzySocketWriter.cpp in Sources */,
				F1C4934026AC832200211516 /* EzyArray.cpp in Sources */,
				F1C4935826AC832200211516 /* EzyRequestSerializer.cpp in Sources */,
				F1C4932326AC832200211516 /* EzyMethodCallException.mm in Sources */,
				F1C4937326AD6F3600211516 /* EzyEncryptionProxy.mm in Sources */,
				F1C4933226AC832200211516 /* EzyPluginDataHandlers.cpp in Sources */,
				F1C4933026AC832200211516 /* EzyEventHandler.cpp in Sources */,
				F1C4934B26AC832200211516 /* EzyPluginManager.cpp in Sources */,
				F1C4934126AC832200211516 /* EzyValue.cpp in Sources */,
				F1C4935626AC832200211516 /* EzyAutoReleasePool.cpp in Sources */,
				F1C4936426AC832200211516 /* EzyUTSocketClient.cpp in Sources */,
				F1C4931F26AC832200211516 /* EzyMethodProxy.mm in Sources */,
				F1C4932E26AC832200211516 /* EzyEventHandlers.cpp in Sources */,
				F1C4935A26AC832200211516 /* EzyEventType.cpp in Sources */,
				F1C4936526AC832200211516 /* EzyUdpSocketClient.cpp in Sources */,
				F1C4933426AC832200211516 /* EzyAppDataHandler.cpp in Sources */,
				F1C4934626AC832200211516 /* EzyEncryption.cpp in Sources */,
				F1C4932226AC832200211516 /* EzyMethodNames.mm in Sources */,
				F1C4933126AC832200211516 /* EzyAppDataHandlers.cpp in Sources */,
				F1C4933F26AC832200211516 /* EzyByteArray.cpp in Sources */,
				F1C4934D26AC832200211516 /* EzyHandlerManager.cpp in Sources */,
				F1C4931E26AC832200211516 /* EzyNativeSerializers.mm in Sources */,
				F1C4935726AC832200211516 /* EzyRequest.cpp in Sources */,
				F1C4934E26AC832200211516 /* EzyPingManager.cpp in Sources */,
				F1C4935D26AC832200211516 /* EzySocketClient.cpp in Sources */,
				F1C4933726AC832200211516 /* EzyLogger.cpp in Sources */,
				F1C4933E26AC832200211516 /* EzyNull.cpp in Sources */,
				F1C4934326AC832200211516 /* EzyPlugin.cpp in Sources */,
				F1C4933926AC832200211516 /* EzyApp.cpp in Sources */,
				F1C4935526AC832200211516 /* EzyReleasePool.cpp in Sources */,
				F1C4934A26AC832200211516 /* EzyClients.cpp in Sources */,
				F1C4935926AC832200211516 /* EzyEvent.cpp in Sources */,
				F1C4931C26AC832200211516 /* EzyNativeDataDeserializer.mm in Sources */,
				F1C4936126AC832200211516 /* EzyPingSchedule.cpp in Sources */,
				F1C4934726AC832200211516 /* EzyDataEncoder.cpp in Sources */,
				F1C4935426AC832200211516 /* EzyScheduleAtFixedRate.cpp in Sources */,
				F1C4931B26AC832200211516 /* EzyClientConfigSerializer.mm in Sources */,
				F1C4932026AC832200211516 /* EzyNativeStrings.mm in Sources */,
				F1C4935F26AC832200211516 /* EzySocketCore.cpp in Sources */,
				F1C4934426AC832200211516 /* EzyMessage.cpp in Sources */,
				F1C4934F26AC832200211516 /* EzyConnectionStatus.cpp in Sources */,
				F1C4934526AC832200211516 /* EzyDataDecoder.cpp in Sources */,
			);
			runOnlyForDeploymentPostprocessing = 0;
		};
/* End PBXSourcesBuildPhase section */

/* Begin PBXVariantGroup section */
		E9C3E39F21822B2A00EF0EE8 /* Main.storyboard */ = {
			isa = PBXVariantGroup;
			children = (
				E9C3E3A021822B2A00EF0EE8 /* Base */,
			);
			name = Main.storyboard;
			sourceTree = "<group>";
		};
		E9C3E3A421822B2D00EF0EE8 /* LaunchScreen.storyboard */ = {
			isa = PBXVariantGroup;
			children = (
				E9C3E3A521822B2D00EF0EE8 /* Base */,
			);
			name = LaunchScreen.storyboard;
			sourceTree = "<group>";
		};
/* End PBXVariantGroup section */

/* Begin XCBuildConfiguration section */
		E9C3E3C021822B2D00EF0EE8 /* Debug */ = {
			isa = XCBuildConfiguration;
			buildSettings = {
				ALWAYS_SEARCH_USER_PATHS = YES;
				CLANG_ANALYZER_NONNULL = YES;
				CLANG_ANALYZER_NUMBER_OBJECT_CONVERSION = YES_AGGRESSIVE;
				CLANG_CXX_LANGUAGE_STANDARD = "c++14";
				CLANG_CXX_LIBRARY = "libc++";
				CLANG_ENABLE_MODULES = NO;
				CLANG_ENABLE_OBJC_ARC = YES;
				CLANG_ENABLE_OBJC_WEAK = YES;
				CLANG_WARN_BLOCK_CAPTURE_AUTORELEASING = YES;
				CLANG_WARN_BOOL_CONVERSION = YES;
				CLANG_WARN_COMMA = YES;
				CLANG_WARN_CONSTANT_CONVERSION = YES;
				CLANG_WARN_DEPRECATED_OBJC_IMPLEMENTATIONS = YES;
				CLANG_WARN_DIRECT_OBJC_ISA_USAGE = YES_ERROR;
				CLANG_WARN_DOCUMENTATION_COMMENTS = YES;
				CLANG_WARN_EMPTY_BODY = YES;
				CLANG_WARN_ENUM_CONVERSION = YES;
				CLANG_WARN_INFINITE_RECURSION = YES;
				CLANG_WARN_INT_CONVERSION = YES;
				CLANG_WARN_NON_LITERAL_NULL_CONVERSION = YES;
				CLANG_WARN_OBJC_IMPLICIT_RETAIN_SELF = YES;
				CLANG_WARN_OBJC_LITERAL_CONVERSION = YES;
				CLANG_WARN_OBJC_ROOT_CLASS = YES_ERROR;
				CLANG_WARN_RANGE_LOOP_ANALYSIS = YES;
				CLANG_WARN_STRICT_PROTOTYPES = YES;
				CLANG_WARN_SUSPICIOUS_MOVE = YES;
				CLANG_WARN_UNGUARDED_AVAILABILITY = YES_AGGRESSIVE;
				CLANG_WARN_UNREACHABLE_CODE = YES;
				CLANG_WARN__DUPLICATE_METHOD_MATCH = YES;
				CODE_SIGN_IDENTITY = "iPhone Developer";
				COPY_PHASE_STRIP = NO;
				DEBUG_INFORMATION_FORMAT = dwarf;
				ENABLE_STRICT_OBJC_MSGSEND = YES;
				ENABLE_TESTABILITY = YES;
				GCC_C_LANGUAGE_STANDARD = gnu11;
				GCC_DYNAMIC_NO_PIC = NO;
				GCC_NO_COMMON_BLOCKS = YES;
				GCC_OPTIMIZATION_LEVEL = 0;
				GCC_PREPROCESSOR_DEFINITIONS = (
					"DEBUG=1",
					"EZY_DEBUG=1",
					"$(inherited)",
				);
				GCC_WARN_64_TO_32_BIT_CONVERSION = YES;
				GCC_WARN_ABOUT_RETURN_TYPE = YES_ERROR;
				GCC_WARN_UNDECLARED_SELECTOR = YES;
				GCC_WARN_UNINITIALIZED_AUTOS = YES_AGGRESSIVE;
				GCC_WARN_UNUSED_FUNCTION = YES;
				GCC_WARN_UNUSED_VARIABLE = YES;
				HEADER_SEARCH_PATHS = (
					"$(SRCROOT)/socket/src",
					"$(SRCROOT)/socket/src/base",
					"$(SRCROOT)/socket/src/codec",
					"$(SRCROOT)/socket/src/command",
					"$(SRCROOT)/socket/src/config",
					"$(SRCROOT)/socket/src/constant",
					"$(SRCROOT)/socket/src/entity",
					"$(SRCROOT)/socket/src/event",
					"$(SRCROOT)/socket/src/gc",
					"$(SRCROOT)/socket/src/handler",
					"$(SRCROOT)/socket/src/logger",
					"$(SRCROOT)/socket/src/manager",
					"$(SRCROOT)/socket/src/request",
					"$(SRCROOT)/socket/src/socket",
					"$(SRCROOT)/socket/src/util",
				);
				IPHONEOS_DEPLOYMENT_TARGET = 12.0;
				MTL_ENABLE_DEBUG_INFO = INCLUDE_SOURCE;
				MTL_FAST_MATH = YES;
				ONLY_ACTIVE_ARCH = YES;
				SDKROOT = iphoneos;
				USER_HEADER_SEARCH_PATHS = "";
			};
			name = Debug;
		};
		E9C3E3C121822B2D00EF0EE8 /* Release */ = {
			isa = XCBuildConfiguration;
			buildSettings = {
				ALWAYS_SEARCH_USER_PATHS = YES;
				CLANG_ANALYZER_NONNULL = YES;
				CLANG_ANALYZER_NUMBER_OBJECT_CONVERSION = YES_AGGRESSIVE;
				CLANG_CXX_LANGUAGE_STANDARD = "c++14";
				CLANG_CXX_LIBRARY = "libc++";
				CLANG_ENABLE_MODULES = NO;
				CLANG_ENABLE_OBJC_ARC = YES;
				CLANG_ENABLE_OBJC_WEAK = YES;
				CLANG_WARN_BLOCK_CAPTURE_AUTORELEASING = YES;
				CLANG_WARN_BOOL_CONVERSION = YES;
				CLANG_WARN_COMMA = YES;
				CLANG_WARN_CONSTANT_CONVERSION = YES;
				CLANG_WARN_DEPRECATED_OBJC_IMPLEMENTATIONS = YES;
				CLANG_WARN_DIRECT_OBJC_ISA_USAGE = YES_ERROR;
				CLANG_WARN_DOCUMENTATION_COMMENTS = YES;
				CLANG_WARN_EMPTY_BODY = YES;
				CLANG_WARN_ENUM_CONVERSION = YES;
				CLANG_WARN_INFINITE_RECURSION = YES;
				CLANG_WARN_INT_CONVERSION = YES;
				CLANG_WARN_NON_LITERAL_NULL_CONVERSION = YES;
				CLANG_WARN_OBJC_IMPLICIT_RETAIN_SELF = YES;
				CLANG_WARN_OBJC_LITERAL_CONVERSION = YES;
				CLANG_WARN_OBJC_ROOT_CLASS = YES_ERROR;
				CLANG_WARN_RANGE_LOOP_ANALYSIS = YES;
				CLANG_WARN_STRICT_PROTOTYPES = YES;
				CLANG_WARN_SUSPICIOUS_MOVE = YES;
				CLANG_WARN_UNGUARDED_AVAILABILITY = YES_AGGRESSIVE;
				CLANG_WARN_UNREACHABLE_CODE = YES;
				CLANG_WARN__DUPLICATE_METHOD_MATCH = YES;
				CODE_SIGN_IDENTITY = "iPhone Developer";
				COPY_PHASE_STRIP = NO;
				DEBUG_INFORMATION_FORMAT = "dwarf-with-dsym";
				ENABLE_NS_ASSERTIONS = NO;
				ENABLE_STRICT_OBJC_MSGSEND = YES;
				GCC_C_LANGUAGE_STANDARD = gnu11;
				GCC_NO_COMMON_BLOCKS = YES;
				GCC_WARN_64_TO_32_BIT_CONVERSION = YES;
				GCC_WARN_ABOUT_RETURN_TYPE = YES_ERROR;
				GCC_WARN_UNDECLARED_SELECTOR = YES;
				GCC_WARN_UNINITIALIZED_AUTOS = YES_AGGRESSIVE;
				GCC_WARN_UNUSED_FUNCTION = YES;
				GCC_WARN_UNUSED_VARIABLE = YES;
				HEADER_SEARCH_PATHS = (
					"$(SRCROOT)/socket/src",
					"$(SRCROOT)/socket/src/base",
					"$(SRCROOT)/socket/src/codec",
					"$(SRCROOT)/socket/src/command",
					"$(SRCROOT)/socket/src/config",
					"$(SRCROOT)/socket/src/constant",
					"$(SRCROOT)/socket/src/entity",
					"$(SRCROOT)/socket/src/event",
					"$(SRCROOT)/socket/src/gc",
					"$(SRCROOT)/socket/src/handler",
					"$(SRCROOT)/socket/src/logger",
					"$(SRCROOT)/socket/src/manager",
					"$(SRCROOT)/socket/src/request",
					"$(SRCROOT)/socket/src/socket",
					"$(SRCROOT)/socket/src/util",
				);
				IPHONEOS_DEPLOYMENT_TARGET = 12.0;
				MTL_ENABLE_DEBUG_INFO = NO;
				MTL_FAST_MATH = YES;
				SDKROOT = iphoneos;
				USER_HEADER_SEARCH_PATHS = "";
				VALIDATE_PRODUCT = YES;
			};
			name = Release;
		};
		E9C3E3C321822B2D00EF0EE8 /* Debug */ = {
			isa = XCBuildConfiguration;
			baseConfigurationReference = BB4B42E4A06CD1C5F5024E8F /* Pods-ezyfox-server-react-native-client.debug.xcconfig */;
			buildSettings = {
				ASSETCATALOG_COMPILER_APPICON_NAME = AppIcon;
				CODE_SIGN_STYLE = Automatic;
				GCC_PREPROCESSOR_DEFINITIONS = (
					"$(inherited)",
					"COCOAPODS=1",
					"DEBUG=1",
					"EZY_DEBUG=1",
				);
				INFOPLIST_FILE = "ezyfox-server-react-native-client/Info.plist";
				LD_RUNPATH_SEARCH_PATHS = (
					"$(inherited)",
					"@executable_path/Frameworks",
				);
				PRODUCT_BUNDLE_IDENTIFIER = "com.tvd12.ezyfox-server-react-native-client";
				PRODUCT_NAME = "$(TARGET_NAME)";
				TARGETED_DEVICE_FAMILY = "1,2";
				USER_HEADER_SEARCH_PATHS = "";
			};
			name = Debug;
		};
		E9C3E3C421822B2D00EF0EE8 /* Release */ = {
			isa = XCBuildConfiguration;
			baseConfigurationReference = 98907C94386AF7E1C2D8370A /* Pods-ezyfox-server-react-native-client.release.xcconfig */;
			buildSettings = {
				ASSETCATALOG_COMPILER_APPICON_NAME = AppIcon;
				CODE_SIGN_STYLE = Automatic;
				INFOPLIST_FILE = "ezyfox-server-react-native-client/Info.plist";
				LD_RUNPATH_SEARCH_PATHS = (
					"$(inherited)",
					"@executable_path/Frameworks",
				);
				PRODUCT_BUNDLE_IDENTIFIER = "com.tvd12.ezyfox-server-react-native-client";
				PRODUCT_NAME = "$(TARGET_NAME)";
				TARGETED_DEVICE_FAMILY = "1,2";
				USER_HEADER_SEARCH_PATHS = "";
			};
			name = Release;
		};
/* End XCBuildConfiguration section */

/* Begin XCConfigurationList section */
		E9C3E39121822B2A00EF0EE8 /* Build configuration list for PBXProject "ezyfox-server-react-native-client" */ = {
			isa = XCConfigurationList;
			buildConfigurations = (
				E9C3E3C021822B2D00EF0EE8 /* Debug */,
				E9C3E3C121822B2D00EF0EE8 /* Release */,
			);
			defaultConfigurationIsVisible = 0;
			defaultConfigurationName = Release;
		};
		E9C3E3C221822B2D00EF0EE8 /* Build configuration list for PBXNativeTarget "ezyfox-server-react-native-client" */ = {
			isa = XCConfigurationList;
			buildConfigurations = (
				E9C3E3C321822B2D00EF0EE8 /* Debug */,
				E9C3E3C421822B2D00EF0EE8 /* Release */,
			);
			defaultConfigurationIsVisible = 0;
			defaultConfigurationName = Release;
		};
/* End XCConfigurationList section */
	};
	rootObject = E9C3E38E21822B2A00EF0EE8 /* Project object */;
}
